// !$*UTF8*$!
{
	archiveVersion = 1;
	classes = {
	};
	objectVersion = 50;
	objects = {

/* Begin PBXBuildFile section */
		4C12504E21548EA5004B7BB6 /* UIView+Core.m in Sources */ = {isa = PBXBuildFile; fileRef = 4C12504D21548EA5004B7BB6 /* UIView+Core.m */; };
		4C12505121549949004B7BB6 /* AdTableViewCell.m in Sources */ = {isa = PBXBuildFile; fileRef = 4C12505021549949004B7BB6 /* AdTableViewCell.m */; };
		4C1250542154C108004B7BB6 /* ScrollTableViewCell.m in Sources */ = {isa = PBXBuildFile; fileRef = 4C1250532154C108004B7BB6 /* ScrollTableViewCell.m */; };
		4C1250572154C404004B7BB6 /* NewsVideoView.m in Sources */ = {isa = PBXBuildFile; fileRef = 4C1250562154C404004B7BB6 /* NewsVideoView.m */; };
		4C136099215B296100BDC6E8 /* MineTableViewCell.m in Sources */ = {isa = PBXBuildFile; fileRef = 4C136098215B296100BDC6E8 /* MineTableViewCell.m */; };
		4C13609C215B33D800BDC6E8 /* SettingViewController.m in Sources */ = {isa = PBXBuildFile; fileRef = 4C13609B215B33D800BDC6E8 /* SettingViewController.m */; };
		4C14ACE5216D951B00D3D910 /* RecommendationTableViewCell.m in Sources */ = {isa = PBXBuildFile; fileRef = 4C14ACE4216D951B00D3D910 /* RecommendationTableViewCell.m */; };
		4C14ACEB216D971A00D3D910 /* RecommendationView.m in Sources */ = {isa = PBXBuildFile; fileRef = 4C14ACEA216D971A00D3D910 /* RecommendationView.m */; };
		4C24F69C214F4082007975E8 /* UniversalNewsViewController.m in Sources */ = {isa = PBXBuildFile; fileRef = 4C24F69B214F4082007975E8 /* UniversalNewsViewController.m */; };
		4C24F6A7214F7B81007975E8 /* NSString+CalculateFontSize.m in Sources */ = {isa = PBXBuildFile; fileRef = 4C24F6A0214F7B81007975E8 /* NSString+CalculateFontSize.m */; };
		4C24F6A8214F7B81007975E8 /* UIColor+Hex.m in Sources */ = {isa = PBXBuildFile; fileRef = 4C24F6A2214F7B81007975E8 /* UIColor+Hex.m */; };
		4C24F6A9214F7B81007975E8 /* PlusHeaderToolScrollBar.m in Sources */ = {isa = PBXBuildFile; fileRef = 4C24F6A5214F7B81007975E8 /* PlusHeaderToolScrollBar.m */; };
		4C24F6AA214F7B81007975E8 /* PlusSegmentMenu.m in Sources */ = {isa = PBXBuildFile; fileRef = 4C24F6A6214F7B81007975E8 /* PlusSegmentMenu.m */; };
		4C48871B2179BE4200CDC1EC /* SpotNewsViewController.m in Sources */ = {isa = PBXBuildFile; fileRef = 4C48871A2179BE4200CDC1EC /* SpotNewsViewController.m */; };
		4C48872C2179CD5000CDC1EC /* SpotHeraldViewController.m in Sources */ = {isa = PBXBuildFile; fileRef = 4C48872B2179CD5000CDC1EC /* SpotHeraldViewController.m */; };
		4C48872F2179D05600CDC1EC /* SpotHeraldTableViewCell.m in Sources */ = {isa = PBXBuildFile; fileRef = 4C48872E2179D05600CDC1EC /* SpotHeraldTableViewCell.m */; };
		4C54DFCD219280200046A610 /* wechatvoice3@2x.png in Resources */ = {isa = PBXBuildFile; fileRef = 4C54DFB4219280190046A610 /* wechatvoice3@2x.png */; };
		4C54DFCF219280200046A610 /* wechatback2@2x.png in Resources */ = {isa = PBXBuildFile; fileRef = 4C54DFB72192801A0046A610 /* wechatback2@2x.png */; };
		4C54DFD0219280200046A610 /* wechatvoice3_0@2x.png in Resources */ = {isa = PBXBuildFile; fileRef = 4C54DFB82192801A0046A610 /* wechatvoice3_0@2x.png */; };
		4C54DFD1219280200046A610 /* wechatback1@2x.png in Resources */ = {isa = PBXBuildFile; fileRef = 4C54DFB92192801A0046A610 /* wechatback1@2x.png */; };
		4C54DFD2219280200046A610 /* wechatvoice4@2x.png in Resources */ = {isa = PBXBuildFile; fileRef = 4C54DFBA2192801A0046A610 /* wechatvoice4@2x.png */; };
		4C54DFD3219280200046A610 /* wechatback1cover@3x.png in Resources */ = {isa = PBXBuildFile; fileRef = 4C54DFBB2192801B0046A610 /* wechatback1cover@3x.png */; };
		4C54DFD4219280200046A610 /* WechatIMG4e@2x.png in Resources */ = {isa = PBXBuildFile; fileRef = 4C54DFBC2192801B0046A610 /* WechatIMG4e@2x.png */; };
		4C54DFD5219280200046A610 /* wechatvoice4_0@3x.png in Resources */ = {isa = PBXBuildFile; fileRef = 4C54DFBD2192801B0046A610 /* wechatvoice4_0@3x.png */; };
		4C54DFD6219280200046A610 /* wechatvoice3_0@3x.png in Resources */ = {isa = PBXBuildFile; fileRef = 4C54DFBE2192801B0046A610 /* wechatvoice3_0@3x.png */; };
		4C54DFD7219280200046A610 /* wechatback2@3x.png in Resources */ = {isa = PBXBuildFile; fileRef = 4C54DFBF2192801B0046A610 /* wechatback2@3x.png */; };
		4C54DFD8219280200046A610 /* wechatvoice4_0@2x.png in Resources */ = {isa = PBXBuildFile; fileRef = 4C54DFC02192801C0046A610 /* wechatvoice4_0@2x.png */; };
		4C54DFD9219280200046A610 /* wechatback1cover@2x.png in Resources */ = {isa = PBXBuildFile; fileRef = 4C54DFC12192801C0046A610 /* wechatback1cover@2x.png */; };
		4C54DFDA219280200046A610 /* wechatvoice3_1@2x.png in Resources */ = {isa = PBXBuildFile; fileRef = 4C54DFC22192801D0046A610 /* wechatvoice3_1@2x.png */; };
		4C54DFDB219280200046A610 /* wechatback2cover@2x.png in Resources */ = {isa = PBXBuildFile; fileRef = 4C54DFC32192801D0046A610 /* wechatback2cover@2x.png */; };
		4C54DFDC219280200046A610 /* wechatvoice4_1@2x.png in Resources */ = {isa = PBXBuildFile; fileRef = 4C54DFC42192801D0046A610 /* wechatvoice4_1@2x.png */; };
		4C54DFDD219280200046A610 /* wechatvoice3@3x.png in Resources */ = {isa = PBXBuildFile; fileRef = 4C54DFC52192801D0046A610 /* wechatvoice3@3x.png */; };
		4C54DFDE219280200046A610 /* wechat_resendbut5@2x.png in Resources */ = {isa = PBXBuildFile; fileRef = 4C54DFC62192801E0046A610 /* wechat_resendbut5@2x.png */; };
		4C54DFDF219280200046A610 /* wechatvoice3_1@3x.png in Resources */ = {isa = PBXBuildFile; fileRef = 4C54DFC72192801E0046A610 /* wechatvoice3_1@3x.png */; };
		4C54DFE0219280200046A610 /* wechatback1@3x.png in Resources */ = {isa = PBXBuildFile; fileRef = 4C54DFC82192801E0046A610 /* wechatback1@3x.png */; };
		4C54DFE1219280200046A610 /* wechatvoice4@3x.png in Resources */ = {isa = PBXBuildFile; fileRef = 4C54DFC92192801F0046A610 /* wechatvoice4@3x.png */; };
		4C54DFE2219280200046A610 /* wechat_resendbut5@3x.png in Resources */ = {isa = PBXBuildFile; fileRef = 4C54DFCA2192801F0046A610 /* wechat_resendbut5@3x.png */; };
		4C54DFE3219280200046A610 /* wechatback2cover@3x.png in Resources */ = {isa = PBXBuildFile; fileRef = 4C54DFCB2192801F0046A610 /* wechatback2cover@3x.png */; };
		4C54DFE4219280200046A610 /* wechatvoice4_1@3x.png in Resources */ = {isa = PBXBuildFile; fileRef = 4C54DFCC2192801F0046A610 /* wechatvoice4_1@3x.png */; };
		4C54DFE72192818F0046A610 /* MessageModel.m in Sources */ = {isa = PBXBuildFile; fileRef = 4C54DFE62192818F0046A610 /* MessageModel.m */; };
		4C54DFEA21928E1D0046A610 /* WeChatCell.m in Sources */ = {isa = PBXBuildFile; fileRef = 4C54DFE821928E1D0046A610 /* WeChatCell.m */; };
		4C578078217D619B006CA697 /* HeaderToolScrollBar.m in Sources */ = {isa = PBXBuildFile; fileRef = 4C578076217D619B006CA697 /* HeaderToolScrollBar.m */; };
		4C578079217D619B006CA697 /* LySegmentMenu.m in Sources */ = {isa = PBXBuildFile; fileRef = 4C578077217D619B006CA697 /* LySegmentMenu.m */; };
		4C57807C217DA2D7006CA697 /* TwoPicNewsTableViewCell.m in Sources */ = {isa = PBXBuildFile; fileRef = 4C57807B217DA2D7006CA697 /* TwoPicNewsTableViewCell.m */; };
		4C59F6892159D39D00DE1B49 /* OnePicTableViewCell.m in Sources */ = {isa = PBXBuildFile; fileRef = 4C59F6882159D39D00DE1B49 /* OnePicTableViewCell.m */; };
		4C6E7870217592B500224E4E /* SubCenterLeftTableViewCell.m in Sources */ = {isa = PBXBuildFile; fileRef = 4C6E786F217592B500224E4E /* SubCenterLeftTableViewCell.m */; };
		4C6E78732175D48900224E4E /* SearchViewController.m in Sources */ = {isa = PBXBuildFile; fileRef = 4C6E78722175D48900224E4E /* SearchViewController.m */; };
		4C6E78792175E2E600224E4E /* UITextField+Placeholder.m in Sources */ = {isa = PBXBuildFile; fileRef = 4C6E78782175E2E600224E4E /* UITextField+Placeholder.m */; };
		4C729D21215347C000FF3E8F /* PublicNewsTableViewCell.m in Sources */ = {isa = PBXBuildFile; fileRef = 4C729D20215347C000FF3E8F /* PublicNewsTableViewCell.m */; };
		4C729D2421536C5E00FF3E8F /* PicNewsTableViewCell.m in Sources */ = {isa = PBXBuildFile; fileRef = 4C729D2321536C5E00FF3E8F /* PicNewsTableViewCell.m */; };
		4C754E522176CDD900FB7057 /* HotWordsTableViewCell.m in Sources */ = {isa = PBXBuildFile; fileRef = 4C754E512176CDD900FB7057 /* HotWordsTableViewCell.m */; };
		4C754E552176E9B500FB7057 /* SearchHistoryTableViewCell.m in Sources */ = {isa = PBXBuildFile; fileRef = 4C754E542176E9B500FB7057 /* SearchHistoryTableViewCell.m */; };
		4C754E5821782F2A00FB7057 /* SearchResultViewController.m in Sources */ = {isa = PBXBuildFile; fileRef = 4C754E5721782F2A00FB7057 /* SearchResultViewController.m */; };
		4C754E5B217862E700FB7057 /* ManageChannelViewController.m in Sources */ = {isa = PBXBuildFile; fileRef = 4C754E5A217862E700FB7057 /* ManageChannelViewController.m */; };
		4C754E652178644F00FB7057 /* XLChannelControl.m in Sources */ = {isa = PBXBuildFile; fileRef = 4C754E5D2178644F00FB7057 /* XLChannelControl.m */; };
		4C754E662178644F00FB7057 /* XLChannelHeader.m in Sources */ = {isa = PBXBuildFile; fileRef = 4C754E612178644F00FB7057 /* XLChannelHeader.m */; };
		4C754E672178644F00FB7057 /* XLChannelView.m in Sources */ = {isa = PBXBuildFile; fileRef = 4C754E622178644F00FB7057 /* XLChannelView.m */; };
		4C754E682178644F00FB7057 /* XLChannelItem.m in Sources */ = {isa = PBXBuildFile; fileRef = 4C754E642178644F00FB7057 /* XLChannelItem.m */; };
		4C7C9154216EFE9500A89986 /* SubscribeCenterViewController.m in Sources */ = {isa = PBXBuildFile; fileRef = 4C7C9153216EFE9500A89986 /* SubscribeCenterViewController.m */; };
		4C7C91572170384F00A89986 /* SubCenterTableViewCell.m in Sources */ = {isa = PBXBuildFile; fileRef = 4C7C91562170384F00A89986 /* SubCenterTableViewCell.m */; };
		4C7D500421AB9E8800B3782C /* WeatherModel.m in Sources */ = {isa = PBXBuildFile; fileRef = 4C7D500321AB9E8800B3782C /* WeatherModel.m */; };
		4C8F4476215C7C49008885C1 /* FileTool.m in Sources */ = {isa = PBXBuildFile; fileRef = 4C8F4474215C7C49008885C1 /* FileTool.m */; };
		4C8F4479215CA9A6008885C1 /* SettingTableViewCell.m in Sources */ = {isa = PBXBuildFile; fileRef = 4C8F4478215CA9A6008885C1 /* SettingTableViewCell.m */; };
		4C8F447F215CAF06008885C1 /* MessageCenterViewController.m in Sources */ = {isa = PBXBuildFile; fileRef = 4C8F447E215CAF06008885C1 /* MessageCenterViewController.m */; };
		4C8F4482215CB2B3008885C1 /* MessageCenterTableViewCell.m in Sources */ = {isa = PBXBuildFile; fileRef = 4C8F4481215CB2B3008885C1 /* MessageCenterTableViewCell.m */; };
		4C8F4485215E046A008885C1 /* MySubscribeViewController.m in Sources */ = {isa = PBXBuildFile; fileRef = 4C8F4484215E046A008885C1 /* MySubscribeViewController.m */; };
		4C8F4488215E0988008885C1 /* SubscribeAccountViewController.m in Sources */ = {isa = PBXBuildFile; fileRef = 4C8F4487215E0988008885C1 /* SubscribeAccountViewController.m */; };
		4C8F448B215E09AD008885C1 /* GovermentAccountViewController.m in Sources */ = {isa = PBXBuildFile; fileRef = 4C8F448A215E09AD008885C1 /* GovermentAccountViewController.m */; };
		4C94945B21A690F300399590 /* TextTopView.m in Sources */ = {isa = PBXBuildFile; fileRef = 4C94945A21A690F300399590 /* TextTopView.m */; };
		4CA582C3215F1D84008E1518 /* SubscribeTableViewCell.m in Sources */ = {isa = PBXBuildFile; fileRef = 4CA582C2215F1D84008E1518 /* SubscribeTableViewCell.m */; };
		4CA582C6215F4EC7008E1518 /* MyCollectionViewController.m in Sources */ = {isa = PBXBuildFile; fileRef = 4CA582C5215F4EC7008E1518 /* MyCollectionViewController.m */; };
		4CA582C9215F716F008E1518 /* MyCommentViewController.m in Sources */ = {isa = PBXBuildFile; fileRef = 4CA582C8215F716F008E1518 /* MyCommentViewController.m */; };
		4CA582CC215F73C5008E1518 /* MyCommentTableViewCell.m in Sources */ = {isa = PBXBuildFile; fileRef = 4CA582CB215F73C5008E1518 /* MyCommentTableViewCell.m */; };
		4CACFD95214B8BAB00B48FFD /* UIView+Frame.m in Sources */ = {isa = PBXBuildFile; fileRef = 4CACFD94214B8BAB00B48FFD /* UIView+Frame.m */; };
		4CACFD98214B8CC200B48FFD /* TitleButton.m in Sources */ = {isa = PBXBuildFile; fileRef = 4CACFD97214B8CC200B48FFD /* TitleButton.m */; };
		4CCB386D2160A23F00A26831 /* SuggestionViewController.m in Sources */ = {isa = PBXBuildFile; fileRef = 4CCB386C2160A23F00A26831 /* SuggestionViewController.m */; };
		4CCB38792160A6D000A26831 /* PhoneModel.m in Sources */ = {isa = PBXBuildFile; fileRef = 4CCB38782160A6D000A26831 /* PhoneModel.m */; };
		4CCB387C2160AB5100A26831 /* PlaceholderTextView.m in Sources */ = {isa = PBXBuildFile; fileRef = 4CCB387B2160AB5100A26831 /* PlaceholderTextView.m */; };
		4CE5C9982149FCD900FC17D4 /* AppDelegate.m in Sources */ = {isa = PBXBuildFile; fileRef = 4CE5C9972149FCD900FC17D4 /* AppDelegate.m */; };
		4CE5C99B2149FCD900FC17D4 /* ViewController.m in Sources */ = {isa = PBXBuildFile; fileRef = 4CE5C99A2149FCD900FC17D4 /* ViewController.m */; };
		4CE5C9A02149FCDA00FC17D4 /* Assets.xcassets in Resources */ = {isa = PBXBuildFile; fileRef = 4CE5C99F2149FCDA00FC17D4 /* Assets.xcassets */; };
		4CE5C9A32149FCDA00FC17D4 /* LaunchScreen.storyboard in Resources */ = {isa = PBXBuildFile; fileRef = 4CE5C9A12149FCDA00FC17D4 /* LaunchScreen.storyboard */; };
		4CE5C9A62149FCDA00FC17D4 /* main.m in Sources */ = {isa = PBXBuildFile; fileRef = 4CE5C9A52149FCDA00FC17D4 /* main.m */; };
		4CE5C9B02149FCDB00FC17D4 /* XinHuaNewsTests.m in Sources */ = {isa = PBXBuildFile; fileRef = 4CE5C9AF2149FCDB00FC17D4 /* XinHuaNewsTests.m */; };
		4CE5C9BB2149FCDB00FC17D4 /* XinHuaNewsUITests.m in Sources */ = {isa = PBXBuildFile; fileRef = 4CE5C9BA2149FCDB00FC17D4 /* XinHuaNewsUITests.m */; };
		4CE5C9E5214A2E1000FC17D4 /* PublicViewController.m in Sources */ = {isa = PBXBuildFile; fileRef = 4CE5C9E4214A2E1000FC17D4 /* PublicViewController.m */; };
		4CE5C9EA214A308400FC17D4 /* HomeViewController.m in Sources */ = {isa = PBXBuildFile; fileRef = 4CE5C9E9214A308400FC17D4 /* HomeViewController.m */; };
		4CE5C9ED214A309300FC17D4 /* SpotViewController.m in Sources */ = {isa = PBXBuildFile; fileRef = 4CE5C9EC214A309300FC17D4 /* SpotViewController.m */; };
		4CE5C9F0214A30A000FC17D4 /* XiaoXinViewController.m in Sources */ = {isa = PBXBuildFile; fileRef = 4CE5C9EF214A30A000FC17D4 /* XiaoXinViewController.m */; };
		4CE5C9F3214A30AC00FC17D4 /* SubscribeViewController.m in Sources */ = {isa = PBXBuildFile; fileRef = 4CE5C9F2214A30AC00FC17D4 /* SubscribeViewController.m */; };
		4CE5C9F6214A30B400FC17D4 /* MineViewController.m in Sources */ = {isa = PBXBuildFile; fileRef = 4CE5C9F5214A30B400FC17D4 /* MineViewController.m */; };
		4CE5C9F9214A32D500FC17D4 /* CustomTabBarController.m in Sources */ = {isa = PBXBuildFile; fileRef = 4CE5C9F8214A32D500FC17D4 /* CustomTabBarController.m */; };
		4CE5C9FC214A33B100FC17D4 /* CustomeTabBar.m in Sources */ = {isa = PBXBuildFile; fileRef = 4CE5C9FB214A33B100FC17D4 /* CustomeTabBar.m */; };
		4CE5C9FF214A36A600FC17D4 /* UIImage+Image.m in Sources */ = {isa = PBXBuildFile; fileRef = 4CE5C9FE214A36A600FC17D4 /* UIImage+Image.m */; };
		4CF301C921523341009DC297 /* NewsTableViewCell.m in Sources */ = {isa = PBXBuildFile; fileRef = 4CF301C821523341009DC297 /* NewsTableViewCell.m */; };
		4CF891432150D76E00DDC2B8 /* CycleScrollView.m in Sources */ = {isa = PBXBuildFile; fileRef = 4CF891422150D76E00DDC2B8 /* CycleScrollView.m */; };
		7AB27A4AB2B0AEA64A65C95B /* libPods-XinHuaNews.a in Frameworks */ = {isa = PBXBuildFile; fileRef = D4568630125AD5CAE8C0CF13 /* libPods-XinHuaNews.a */; };
/* End PBXBuildFile section */

/* Begin PBXContainerItemProxy section */
		4CE5C9AC2149FCDB00FC17D4 /* PBXContainerItemProxy */ = {
			isa = PBXContainerItemProxy;
			containerPortal = 4CE5C98B2149FCD900FC17D4 /* Project object */;
			proxyType = 1;
			remoteGlobalIDString = 4CE5C9922149FCD900FC17D4;
			remoteInfo = XinHuaNews;
		};
		4CE5C9B72149FCDB00FC17D4 /* PBXContainerItemProxy */ = {
			isa = PBXContainerItemProxy;
			containerPortal = 4CE5C98B2149FCD900FC17D4 /* Project object */;
			proxyType = 1;
			remoteGlobalIDString = 4CE5C9922149FCD900FC17D4;
			remoteInfo = XinHuaNews;
		};
/* End PBXContainerItemProxy section */

/* Begin PBXFileReference section */
		09D986D49D4B6C229809342B /* Pods-XinHuaNews.release.xcconfig */ = {isa = PBXFileReference; includeInIndex = 1; lastKnownFileType = text.xcconfig; name = "Pods-XinHuaNews.release.xcconfig"; path = "Pods/Target Support Files/Pods-XinHuaNews/Pods-XinHuaNews.release.xcconfig"; sourceTree = "<group>"; };
		2A9E670B9AB8D98B3979BBB5 /* Pods-XinHuaNews.debug.xcconfig */ = {isa = PBXFileReference; includeInIndex = 1; lastKnownFileType = text.xcconfig; name = "Pods-XinHuaNews.debug.xcconfig"; path = "Pods/Target Support Files/Pods-XinHuaNews/Pods-XinHuaNews.debug.xcconfig"; sourceTree = "<group>"; };
		4C12504C21548EA5004B7BB6 /* UIView+Core.h */ = {isa = PBXFileReference; lastKnownFileType = sourcecode.c.h; path = "UIView+Core.h"; sourceTree = "<group>"; };
		4C12504D21548EA5004B7BB6 /* UIView+Core.m */ = {isa = PBXFileReference; lastKnownFileType = sourcecode.c.objc; path = "UIView+Core.m"; sourceTree = "<group>"; };
		4C12504F21549949004B7BB6 /* AdTableViewCell.h */ = {isa = PBXFileReference; lastKnownFileType = sourcecode.c.h; path = AdTableViewCell.h; sourceTree = "<group>"; };
		4C12505021549949004B7BB6 /* AdTableViewCell.m */ = {isa = PBXFileReference; lastKnownFileType = sourcecode.c.objc; path = AdTableViewCell.m; sourceTree = "<group>"; };
		4C1250522154C108004B7BB6 /* ScrollTableViewCell.h */ = {isa = PBXFileReference; lastKnownFileType = sourcecode.c.h; path = ScrollTableViewCell.h; sourceTree = "<group>"; };
		4C1250532154C108004B7BB6 /* ScrollTableViewCell.m */ = {isa = PBXFileReference; lastKnownFileType = sourcecode.c.objc; path = ScrollTableViewCell.m; sourceTree = "<group>"; };
		4C1250552154C404004B7BB6 /* NewsVideoView.h */ = {isa = PBXFileReference; lastKnownFileType = sourcecode.c.h; path = NewsVideoView.h; sourceTree = "<group>"; };
		4C1250562154C404004B7BB6 /* NewsVideoView.m */ = {isa = PBXFileReference; lastKnownFileType = sourcecode.c.objc; path = NewsVideoView.m; sourceTree = "<group>"; };
		4C136097215B296100BDC6E8 /* MineTableViewCell.h */ = {isa = PBXFileReference; lastKnownFileType = sourcecode.c.h; path = MineTableViewCell.h; sourceTree = "<group>"; };
		4C136098215B296100BDC6E8 /* MineTableViewCell.m */ = {isa = PBXFileReference; lastKnownFileType = sourcecode.c.objc; path = MineTableViewCell.m; sourceTree = "<group>"; };
		4C13609A215B33D800BDC6E8 /* SettingViewController.h */ = {isa = PBXFileReference; lastKnownFileType = sourcecode.c.h; path = SettingViewController.h; sourceTree = "<group>"; };
		4C13609B215B33D800BDC6E8 /* SettingViewController.m */ = {isa = PBXFileReference; lastKnownFileType = sourcecode.c.objc; path = SettingViewController.m; sourceTree = "<group>"; };
		4C14ACE3216D951B00D3D910 /* RecommendationTableViewCell.h */ = {isa = PBXFileReference; lastKnownFileType = sourcecode.c.h; path = RecommendationTableViewCell.h; sourceTree = "<group>"; };
		4C14ACE4216D951B00D3D910 /* RecommendationTableViewCell.m */ = {isa = PBXFileReference; lastKnownFileType = sourcecode.c.objc; path = RecommendationTableViewCell.m; sourceTree = "<group>"; };
		4C14ACE9216D971A00D3D910 /* RecommendationView.h */ = {isa = PBXFileReference; lastKnownFileType = sourcecode.c.h; path = RecommendationView.h; sourceTree = "<group>"; };
		4C14ACEA216D971A00D3D910 /* RecommendationView.m */ = {isa = PBXFileReference; lastKnownFileType = sourcecode.c.objc; path = RecommendationView.m; sourceTree = "<group>"; };
		4C24F69A214F4082007975E8 /* UniversalNewsViewController.h */ = {isa = PBXFileReference; lastKnownFileType = sourcecode.c.h; path = UniversalNewsViewController.h; sourceTree = "<group>"; };
		4C24F69B214F4082007975E8 /* UniversalNewsViewController.m */ = {isa = PBXFileReference; lastKnownFileType = sourcecode.c.objc; path = UniversalNewsViewController.m; sourceTree = "<group>"; };
		4C24F69E214F7B81007975E8 /* PlusSegmentMenu.h */ = {isa = PBXFileReference; fileEncoding = 4; lastKnownFileType = sourcecode.c.h; path = PlusSegmentMenu.h; sourceTree = "<group>"; };
		4C24F6A0214F7B81007975E8 /* NSString+CalculateFontSize.m */ = {isa = PBXFileReference; fileEncoding = 4; lastKnownFileType = sourcecode.c.objc; path = "NSString+CalculateFontSize.m"; sourceTree = "<group>"; };
		4C24F6A1214F7B81007975E8 /* PlusHeaderToolScrollBar.h */ = {isa = PBXFileReference; fileEncoding = 4; lastKnownFileType = sourcecode.c.h; path = PlusHeaderToolScrollBar.h; sourceTree = "<group>"; };
		4C24F6A2214F7B81007975E8 /* UIColor+Hex.m */ = {isa = PBXFileReference; fileEncoding = 4; lastKnownFileType = sourcecode.c.objc; path = "UIColor+Hex.m"; sourceTree = "<group>"; };
		4C24F6A3214F7B81007975E8 /* NSString+CalculateFontSize.h */ = {isa = PBXFileReference; fileEncoding = 4; lastKnownFileType = sourcecode.c.h; path = "NSString+CalculateFontSize.h"; sourceTree = "<group>"; };
		4C24F6A4214F7B81007975E8 /* UIColor+Hex.h */ = {isa = PBXFileReference; fileEncoding = 4; lastKnownFileType = sourcecode.c.h; path = "UIColor+Hex.h"; sourceTree = "<group>"; };
		4C24F6A5214F7B81007975E8 /* PlusHeaderToolScrollBar.m */ = {isa = PBXFileReference; fileEncoding = 4; lastKnownFileType = sourcecode.c.objc; path = PlusHeaderToolScrollBar.m; sourceTree = "<group>"; };
		4C24F6A6214F7B81007975E8 /* PlusSegmentMenu.m */ = {isa = PBXFileReference; fileEncoding = 4; lastKnownFileType = sourcecode.c.objc; path = PlusSegmentMenu.m; sourceTree = "<group>"; };
		4C4887192179BE4200CDC1EC /* SpotNewsViewController.h */ = {isa = PBXFileReference; lastKnownFileType = sourcecode.c.h; path = SpotNewsViewController.h; sourceTree = "<group>"; };
		4C48871A2179BE4200CDC1EC /* SpotNewsViewController.m */ = {isa = PBXFileReference; lastKnownFileType = sourcecode.c.objc; path = SpotNewsViewController.m; sourceTree = "<group>"; };
		4C48872A2179CD5000CDC1EC /* SpotHeraldViewController.h */ = {isa = PBXFileReference; lastKnownFileType = sourcecode.c.h; path = SpotHeraldViewController.h; sourceTree = "<group>"; };
		4C48872B2179CD5000CDC1EC /* SpotHeraldViewController.m */ = {isa = PBXFileReference; lastKnownFileType = sourcecode.c.objc; path = SpotHeraldViewController.m; sourceTree = "<group>"; };
		4C48872D2179D05600CDC1EC /* SpotHeraldTableViewCell.h */ = {isa = PBXFileReference; lastKnownFileType = sourcecode.c.h; path = SpotHeraldTableViewCell.h; sourceTree = "<group>"; };
		4C48872E2179D05600CDC1EC /* SpotHeraldTableViewCell.m */ = {isa = PBXFileReference; lastKnownFileType = sourcecode.c.objc; path = SpotHeraldTableViewCell.m; sourceTree = "<group>"; };
		4C54DFB4219280190046A610 /* wechatvoice3@2x.png */ = {isa = PBXFileReference; lastKnownFileType = image.png; path = "wechatvoice3@2x.png"; sourceTree = "<group>"; };
		4C54DFB72192801A0046A610 /* wechatback2@2x.png */ = {isa = PBXFileReference; lastKnownFileType = image.png; path = "wechatback2@2x.png"; sourceTree = "<group>"; };
		4C54DFB82192801A0046A610 /* wechatvoice3_0@2x.png */ = {isa = PBXFileReference; lastKnownFileType = image.png; path = "wechatvoice3_0@2x.png"; sourceTree = "<group>"; };
		4C54DFB92192801A0046A610 /* wechatback1@2x.png */ = {isa = PBXFileReference; lastKnownFileType = image.png; path = "wechatback1@2x.png"; sourceTree = "<group>"; };
		4C54DFBA2192801A0046A610 /* wechatvoice4@2x.png */ = {isa = PBXFileReference; lastKnownFileType = image.png; path = "wechatvoice4@2x.png"; sourceTree = "<group>"; };
		4C54DFBB2192801B0046A610 /* wechatback1cover@3x.png */ = {isa = PBXFileReference; lastKnownFileType = image.png; path = "wechatback1cover@3x.png"; sourceTree = "<group>"; };
		4C54DFBC2192801B0046A610 /* WechatIMG4e@2x.png */ = {isa = PBXFileReference; lastKnownFileType = image.png; path = "WechatIMG4e@2x.png"; sourceTree = "<group>"; };
		4C54DFBD2192801B0046A610 /* wechatvoice4_0@3x.png */ = {isa = PBXFileReference; lastKnownFileType = image.png; path = "wechatvoice4_0@3x.png"; sourceTree = "<group>"; };
		4C54DFBE2192801B0046A610 /* wechatvoice3_0@3x.png */ = {isa = PBXFileReference; lastKnownFileType = image.png; path = "wechatvoice3_0@3x.png"; sourceTree = "<group>"; };
		4C54DFBF2192801B0046A610 /* wechatback2@3x.png */ = {isa = PBXFileReference; lastKnownFileType = image.png; path = "wechatback2@3x.png"; sourceTree = "<group>"; };
		4C54DFC02192801C0046A610 /* wechatvoice4_0@2x.png */ = {isa = PBXFileReference; lastKnownFileType = image.png; path = "wechatvoice4_0@2x.png"; sourceTree = "<group>"; };
		4C54DFC12192801C0046A610 /* wechatback1cover@2x.png */ = {isa = PBXFileReference; lastKnownFileType = image.png; path = "wechatback1cover@2x.png"; sourceTree = "<group>"; };
		4C54DFC22192801D0046A610 /* wechatvoice3_1@2x.png */ = {isa = PBXFileReference; lastKnownFileType = image.png; path = "wechatvoice3_1@2x.png"; sourceTree = "<group>"; };
		4C54DFC32192801D0046A610 /* wechatback2cover@2x.png */ = {isa = PBXFileReference; lastKnownFileType = image.png; path = "wechatback2cover@2x.png"; sourceTree = "<group>"; };
		4C54DFC42192801D0046A610 /* wechatvoice4_1@2x.png */ = {isa = PBXFileReference; lastKnownFileType = image.png; path = "wechatvoice4_1@2x.png"; sourceTree = "<group>"; };
		4C54DFC52192801D0046A610 /* wechatvoice3@3x.png */ = {isa = PBXFileReference; lastKnownFileType = image.png; path = "wechatvoice3@3x.png"; sourceTree = "<group>"; };
		4C54DFC62192801E0046A610 /* wechat_resendbut5@2x.png */ = {isa = PBXFileReference; lastKnownFileType = image.png; path = "wechat_resendbut5@2x.png"; sourceTree = "<group>"; };
		4C54DFC72192801E0046A610 /* wechatvoice3_1@3x.png */ = {isa = PBXFileReference; lastKnownFileType = image.png; path = "wechatvoice3_1@3x.png"; sourceTree = "<group>"; };
		4C54DFC82192801E0046A610 /* wechatback1@3x.png */ = {isa = PBXFileReference; lastKnownFileType = image.png; path = "wechatback1@3x.png"; sourceTree = "<group>"; };
		4C54DFC92192801F0046A610 /* wechatvoice4@3x.png */ = {isa = PBXFileReference; lastKnownFileType = image.png; path = "wechatvoice4@3x.png"; sourceTree = "<group>"; };
		4C54DFCA2192801F0046A610 /* wechat_resendbut5@3x.png */ = {isa = PBXFileReference; lastKnownFileType = image.png; path = "wechat_resendbut5@3x.png"; sourceTree = "<group>"; };
		4C54DFCB2192801F0046A610 /* wechatback2cover@3x.png */ = {isa = PBXFileReference; lastKnownFileType = image.png; path = "wechatback2cover@3x.png"; sourceTree = "<group>"; };
		4C54DFCC2192801F0046A610 /* wechatvoice4_1@3x.png */ = {isa = PBXFileReference; lastKnownFileType = image.png; path = "wechatvoice4_1@3x.png"; sourceTree = "<group>"; };
		4C54DFE52192818F0046A610 /* MessageModel.h */ = {isa = PBXFileReference; lastKnownFileType = sourcecode.c.h; path = MessageModel.h; sourceTree = "<group>"; };
		4C54DFE62192818F0046A610 /* MessageModel.m */ = {isa = PBXFileReference; lastKnownFileType = sourcecode.c.objc; path = MessageModel.m; sourceTree = "<group>"; };
		4C54DFE821928E1D0046A610 /* WeChatCell.m */ = {isa = PBXFileReference; fileEncoding = 4; lastKnownFileType = sourcecode.c.objc; path = WeChatCell.m; sourceTree = "<group>"; };
		4C54DFE921928E1D0046A610 /* WeChatCell.h */ = {isa = PBXFileReference; fileEncoding = 4; lastKnownFileType = sourcecode.c.h; path = WeChatCell.h; sourceTree = "<group>"; };
		4C54DFEB219292120046A610 /* ConstantPart.h */ = {isa = PBXFileReference; lastKnownFileType = sourcecode.c.h; path = ConstantPart.h; sourceTree = "<group>"; };
		4C578074217D619B006CA697 /* HeaderToolScrollBar.h */ = {isa = PBXFileReference; fileEncoding = 4; lastKnownFileType = sourcecode.c.h; path = HeaderToolScrollBar.h; sourceTree = "<group>"; };
		4C578075217D619B006CA697 /* LySegmentMenu.h */ = {isa = PBXFileReference; fileEncoding = 4; lastKnownFileType = sourcecode.c.h; path = LySegmentMenu.h; sourceTree = "<group>"; };
		4C578076217D619B006CA697 /* HeaderToolScrollBar.m */ = {isa = PBXFileReference; fileEncoding = 4; lastKnownFileType = sourcecode.c.objc; path = HeaderToolScrollBar.m; sourceTree = "<group>"; };
		4C578077217D619B006CA697 /* LySegmentMenu.m */ = {isa = PBXFileReference; fileEncoding = 4; lastKnownFileType = sourcecode.c.objc; path = LySegmentMenu.m; sourceTree = "<group>"; };
		4C57807A217DA2D7006CA697 /* TwoPicNewsTableViewCell.h */ = {isa = PBXFileReference; lastKnownFileType = sourcecode.c.h; path = TwoPicNewsTableViewCell.h; sourceTree = "<group>"; };
		4C57807B217DA2D7006CA697 /* TwoPicNewsTableViewCell.m */ = {isa = PBXFileReference; lastKnownFileType = sourcecode.c.objc; path = TwoPicNewsTableViewCell.m; sourceTree = "<group>"; };
		4C59F6872159D39D00DE1B49 /* OnePicTableViewCell.h */ = {isa = PBXFileReference; lastKnownFileType = sourcecode.c.h; path = OnePicTableViewCell.h; sourceTree = "<group>"; };
		4C59F6882159D39D00DE1B49 /* OnePicTableViewCell.m */ = {isa = PBXFileReference; lastKnownFileType = sourcecode.c.objc; path = OnePicTableViewCell.m; sourceTree = "<group>"; };
		4C6E786E217592B500224E4E /* SubCenterLeftTableViewCell.h */ = {isa = PBXFileReference; lastKnownFileType = sourcecode.c.h; path = SubCenterLeftTableViewCell.h; sourceTree = "<group>"; };
		4C6E786F217592B500224E4E /* SubCenterLeftTableViewCell.m */ = {isa = PBXFileReference; lastKnownFileType = sourcecode.c.objc; path = SubCenterLeftTableViewCell.m; sourceTree = "<group>"; };
		4C6E78712175D48900224E4E /* SearchViewController.h */ = {isa = PBXFileReference; lastKnownFileType = sourcecode.c.h; path = SearchViewController.h; sourceTree = "<group>"; };
		4C6E78722175D48900224E4E /* SearchViewController.m */ = {isa = PBXFileReference; lastKnownFileType = sourcecode.c.objc; path = SearchViewController.m; sourceTree = "<group>"; };
		4C6E78772175E2E600224E4E /* UITextField+Placeholder.h */ = {isa = PBXFileReference; fileEncoding = 4; lastKnownFileType = sourcecode.c.h; path = "UITextField+Placeholder.h"; sourceTree = "<group>"; };
		4C6E78782175E2E600224E4E /* UITextField+Placeholder.m */ = {isa = PBXFileReference; fileEncoding = 4; lastKnownFileType = sourcecode.c.objc; path = "UITextField+Placeholder.m"; sourceTree = "<group>"; };
		4C729D1F215347C000FF3E8F /* PublicNewsTableViewCell.h */ = {isa = PBXFileReference; lastKnownFileType = sourcecode.c.h; path = PublicNewsTableViewCell.h; sourceTree = "<group>"; };
		4C729D20215347C000FF3E8F /* PublicNewsTableViewCell.m */ = {isa = PBXFileReference; lastKnownFileType = sourcecode.c.objc; path = PublicNewsTableViewCell.m; sourceTree = "<group>"; };
		4C729D2221536C5E00FF3E8F /* PicNewsTableViewCell.h */ = {isa = PBXFileReference; lastKnownFileType = sourcecode.c.h; path = PicNewsTableViewCell.h; sourceTree = "<group>"; };
		4C729D2321536C5E00FF3E8F /* PicNewsTableViewCell.m */ = {isa = PBXFileReference; lastKnownFileType = sourcecode.c.objc; path = PicNewsTableViewCell.m; sourceTree = "<group>"; };
		4C754E502176CDD900FB7057 /* HotWordsTableViewCell.h */ = {isa = PBXFileReference; lastKnownFileType = sourcecode.c.h; path = HotWordsTableViewCell.h; sourceTree = "<group>"; };
		4C754E512176CDD900FB7057 /* HotWordsTableViewCell.m */ = {isa = PBXFileReference; lastKnownFileType = sourcecode.c.objc; path = HotWordsTableViewCell.m; sourceTree = "<group>"; };
		4C754E532176E9B400FB7057 /* SearchHistoryTableViewCell.h */ = {isa = PBXFileReference; lastKnownFileType = sourcecode.c.h; path = SearchHistoryTableViewCell.h; sourceTree = "<group>"; };
		4C754E542176E9B500FB7057 /* SearchHistoryTableViewCell.m */ = {isa = PBXFileReference; lastKnownFileType = sourcecode.c.objc; path = SearchHistoryTableViewCell.m; sourceTree = "<group>"; };
		4C754E5621782F2A00FB7057 /* SearchResultViewController.h */ = {isa = PBXFileReference; lastKnownFileType = sourcecode.c.h; path = SearchResultViewController.h; sourceTree = "<group>"; };
		4C754E5721782F2A00FB7057 /* SearchResultViewController.m */ = {isa = PBXFileReference; lastKnownFileType = sourcecode.c.objc; path = SearchResultViewController.m; sourceTree = "<group>"; };
		4C754E59217862E700FB7057 /* ManageChannelViewController.h */ = {isa = PBXFileReference; lastKnownFileType = sourcecode.c.h; path = ManageChannelViewController.h; sourceTree = "<group>"; };
		4C754E5A217862E700FB7057 /* ManageChannelViewController.m */ = {isa = PBXFileReference; lastKnownFileType = sourcecode.c.objc; path = ManageChannelViewController.m; sourceTree = "<group>"; };
		4C754E5D2178644F00FB7057 /* XLChannelControl.m */ = {isa = PBXFileReference; fileEncoding = 4; lastKnownFileType = sourcecode.c.objc; path = XLChannelControl.m; sourceTree = "<group>"; };
		4C754E5E2178644F00FB7057 /* XLChannelView.h */ = {isa = PBXFileReference; fileEncoding = 4; lastKnownFileType = sourcecode.c.h; path = XLChannelView.h; sourceTree = "<group>"; };
		4C754E5F2178644F00FB7057 /* XLChannelHeader.h */ = {isa = PBXFileReference; fileEncoding = 4; lastKnownFileType = sourcecode.c.h; path = XLChannelHeader.h; sourceTree = "<group>"; };
		4C754E602178644F00FB7057 /* XLChannelItem.h */ = {isa = PBXFileReference; fileEncoding = 4; lastKnownFileType = sourcecode.c.h; path = XLChannelItem.h; sourceTree = "<group>"; };
		4C754E612178644F00FB7057 /* XLChannelHeader.m */ = {isa = PBXFileReference; fileEncoding = 4; lastKnownFileType = sourcecode.c.objc; path = XLChannelHeader.m; sourceTree = "<group>"; };
		4C754E622178644F00FB7057 /* XLChannelView.m */ = {isa = PBXFileReference; fileEncoding = 4; lastKnownFileType = sourcecode.c.objc; path = XLChannelView.m; sourceTree = "<group>"; };
		4C754E632178644F00FB7057 /* XLChannelControl.h */ = {isa = PBXFileReference; fileEncoding = 4; lastKnownFileType = sourcecode.c.h; path = XLChannelControl.h; sourceTree = "<group>"; };
		4C754E642178644F00FB7057 /* XLChannelItem.m */ = {isa = PBXFileReference; fileEncoding = 4; lastKnownFileType = sourcecode.c.objc; path = XLChannelItem.m; sourceTree = "<group>"; };
		4C7C9152216EFE9500A89986 /* SubscribeCenterViewController.h */ = {isa = PBXFileReference; lastKnownFileType = sourcecode.c.h; path = SubscribeCenterViewController.h; sourceTree = "<group>"; };
		4C7C9153216EFE9500A89986 /* SubscribeCenterViewController.m */ = {isa = PBXFileReference; lastKnownFileType = sourcecode.c.objc; path = SubscribeCenterViewController.m; sourceTree = "<group>"; };
		4C7C91552170384F00A89986 /* SubCenterTableViewCell.h */ = {isa = PBXFileReference; lastKnownFileType = sourcecode.c.h; path = SubCenterTableViewCell.h; sourceTree = "<group>"; };
		4C7C91562170384F00A89986 /* SubCenterTableViewCell.m */ = {isa = PBXFileReference; lastKnownFileType = sourcecode.c.objc; path = SubCenterTableViewCell.m; sourceTree = "<group>"; };
		4C7D500221AB9E8800B3782C /* WeatherModel.h */ = {isa = PBXFileReference; lastKnownFileType = sourcecode.c.h; path = WeatherModel.h; sourceTree = "<group>"; };
		4C7D500321AB9E8800B3782C /* WeatherModel.m */ = {isa = PBXFileReference; lastKnownFileType = sourcecode.c.objc; path = WeatherModel.m; sourceTree = "<group>"; };
		4C8F4474215C7C49008885C1 /* FileTool.m */ = {isa = PBXFileReference; fileEncoding = 4; lastKnownFileType = sourcecode.c.objc; path = FileTool.m; sourceTree = "<group>"; };
		4C8F4475215C7C49008885C1 /* FileTool.h */ = {isa = PBXFileReference; fileEncoding = 4; lastKnownFileType = sourcecode.c.h; path = FileTool.h; sourceTree = "<group>"; };
		4C8F4477215CA9A6008885C1 /* SettingTableViewCell.h */ = {isa = PBXFileReference; lastKnownFileType = sourcecode.c.h; path = SettingTableViewCell.h; sourceTree = "<group>"; };
		4C8F4478215CA9A6008885C1 /* SettingTableViewCell.m */ = {isa = PBXFileReference; lastKnownFileType = sourcecode.c.objc; path = SettingTableViewCell.m; sourceTree = "<group>"; };
		4C8F447D215CAF06008885C1 /* MessageCenterViewController.h */ = {isa = PBXFileReference; lastKnownFileType = sourcecode.c.h; path = MessageCenterViewController.h; sourceTree = "<group>"; };
		4C8F447E215CAF06008885C1 /* MessageCenterViewController.m */ = {isa = PBXFileReference; lastKnownFileType = sourcecode.c.objc; path = MessageCenterViewController.m; sourceTree = "<group>"; };
		4C8F4480215CB2B3008885C1 /* MessageCenterTableViewCell.h */ = {isa = PBXFileReference; lastKnownFileType = sourcecode.c.h; path = MessageCenterTableViewCell.h; sourceTree = "<group>"; };
		4C8F4481215CB2B3008885C1 /* MessageCenterTableViewCell.m */ = {isa = PBXFileReference; lastKnownFileType = sourcecode.c.objc; path = MessageCenterTableViewCell.m; sourceTree = "<group>"; };
		4C8F4483215E046A008885C1 /* MySubscribeViewController.h */ = {isa = PBXFileReference; lastKnownFileType = sourcecode.c.h; path = MySubscribeViewController.h; sourceTree = "<group>"; };
		4C8F4484215E046A008885C1 /* MySubscribeViewController.m */ = {isa = PBXFileReference; lastKnownFileType = sourcecode.c.objc; path = MySubscribeViewController.m; sourceTree = "<group>"; };
		4C8F4486215E0988008885C1 /* SubscribeAccountViewController.h */ = {isa = PBXFileReference; lastKnownFileType = sourcecode.c.h; path = SubscribeAccountViewController.h; sourceTree = "<group>"; };
		4C8F4487215E0988008885C1 /* SubscribeAccountViewController.m */ = {isa = PBXFileReference; lastKnownFileType = sourcecode.c.objc; path = SubscribeAccountViewController.m; sourceTree = "<group>"; };
		4C8F4489215E09AD008885C1 /* GovermentAccountViewController.h */ = {isa = PBXFileReference; lastKnownFileType = sourcecode.c.h; path = GovermentAccountViewController.h; sourceTree = "<group>"; };
		4C8F448A215E09AD008885C1 /* GovermentAccountViewController.m */ = {isa = PBXFileReference; lastKnownFileType = sourcecode.c.objc; path = GovermentAccountViewController.m; sourceTree = "<group>"; };
		4C94945921A690F300399590 /* TextTopView.h */ = {isa = PBXFileReference; lastKnownFileType = sourcecode.c.h; path = TextTopView.h; sourceTree = "<group>"; };
		4C94945A21A690F300399590 /* TextTopView.m */ = {isa = PBXFileReference; lastKnownFileType = sourcecode.c.objc; path = TextTopView.m; sourceTree = "<group>"; };
		4CA582C1215F1D84008E1518 /* SubscribeTableViewCell.h */ = {isa = PBXFileReference; lastKnownFileType = sourcecode.c.h; path = SubscribeTableViewCell.h; sourceTree = "<group>"; };
		4CA582C2215F1D84008E1518 /* SubscribeTableViewCell.m */ = {isa = PBXFileReference; lastKnownFileType = sourcecode.c.objc; path = SubscribeTableViewCell.m; sourceTree = "<group>"; };
		4CA582C4215F4EC7008E1518 /* MyCollectionViewController.h */ = {isa = PBXFileReference; lastKnownFileType = sourcecode.c.h; path = MyCollectionViewController.h; sourceTree = "<group>"; };
		4CA582C5215F4EC7008E1518 /* MyCollectionViewController.m */ = {isa = PBXFileReference; lastKnownFileType = sourcecode.c.objc; path = MyCollectionViewController.m; sourceTree = "<group>"; };
		4CA582C7215F716F008E1518 /* MyCommentViewController.h */ = {isa = PBXFileReference; lastKnownFileType = sourcecode.c.h; path = MyCommentViewController.h; sourceTree = "<group>"; };
		4CA582C8215F716F008E1518 /* MyCommentViewController.m */ = {isa = PBXFileReference; lastKnownFileType = sourcecode.c.objc; path = MyCommentViewController.m; sourceTree = "<group>"; };
		4CA582CA215F73C5008E1518 /* MyCommentTableViewCell.h */ = {isa = PBXFileReference; lastKnownFileType = sourcecode.c.h; path = MyCommentTableViewCell.h; sourceTree = "<group>"; };
		4CA582CB215F73C5008E1518 /* MyCommentTableViewCell.m */ = {isa = PBXFileReference; lastKnownFileType = sourcecode.c.objc; path = MyCommentTableViewCell.m; sourceTree = "<group>"; };
		4CACFD93214B8BAB00B48FFD /* UIView+Frame.h */ = {isa = PBXFileReference; lastKnownFileType = sourcecode.c.h; path = "UIView+Frame.h"; sourceTree = "<group>"; };
		4CACFD94214B8BAB00B48FFD /* UIView+Frame.m */ = {isa = PBXFileReference; lastKnownFileType = sourcecode.c.objc; path = "UIView+Frame.m"; sourceTree = "<group>"; };
		4CACFD96214B8CC200B48FFD /* TitleButton.h */ = {isa = PBXFileReference; lastKnownFileType = sourcecode.c.h; path = TitleButton.h; sourceTree = "<group>"; };
		4CACFD97214B8CC200B48FFD /* TitleButton.m */ = {isa = PBXFileReference; lastKnownFileType = sourcecode.c.objc; path = TitleButton.m; sourceTree = "<group>"; };
		4CCB386B2160A23F00A26831 /* SuggestionViewController.h */ = {isa = PBXFileReference; lastKnownFileType = sourcecode.c.h; path = SuggestionViewController.h; sourceTree = "<group>"; };
		4CCB386C2160A23F00A26831 /* SuggestionViewController.m */ = {isa = PBXFileReference; lastKnownFileType = sourcecode.c.objc; path = SuggestionViewController.m; sourceTree = "<group>"; };
		4CCB38772160A6D000A26831 /* PhoneModel.h */ = {isa = PBXFileReference; lastKnownFileType = sourcecode.c.h; path = PhoneModel.h; sourceTree = "<group>"; };
		4CCB38782160A6D000A26831 /* PhoneModel.m */ = {isa = PBXFileReference; lastKnownFileType = sourcecode.c.objc; path = PhoneModel.m; sourceTree = "<group>"; };
		4CCB387A2160AB5100A26831 /* PlaceholderTextView.h */ = {isa = PBXFileReference; lastKnownFileType = sourcecode.c.h; path = PlaceholderTextView.h; sourceTree = "<group>"; };
		4CCB387B2160AB5100A26831 /* PlaceholderTextView.m */ = {isa = PBXFileReference; lastKnownFileType = sourcecode.c.objc; path = PlaceholderTextView.m; sourceTree = "<group>"; };
		4CE5C9932149FCD900FC17D4 /* XinHuaNews.app */ = {isa = PBXFileReference; explicitFileType = wrapper.application; includeInIndex = 0; path = XinHuaNews.app; sourceTree = BUILT_PRODUCTS_DIR; };
		4CE5C9962149FCD900FC17D4 /* AppDelegate.h */ = {isa = PBXFileReference; lastKnownFileType = sourcecode.c.h; path = AppDelegate.h; sourceTree = "<group>"; };
		4CE5C9972149FCD900FC17D4 /* AppDelegate.m */ = {isa = PBXFileReference; lastKnownFileType = sourcecode.c.objc; path = AppDelegate.m; sourceTree = "<group>"; };
		4CE5C9992149FCD900FC17D4 /* ViewController.h */ = {isa = PBXFileReference; lastKnownFileType = sourcecode.c.h; path = ViewController.h; sourceTree = "<group>"; };
		4CE5C99A2149FCD900FC17D4 /* ViewController.m */ = {isa = PBXFileReference; lastKnownFileType = sourcecode.c.objc; path = ViewController.m; sourceTree = "<group>"; };
		4CE5C99F2149FCDA00FC17D4 /* Assets.xcassets */ = {isa = PBXFileReference; lastKnownFileType = folder.assetcatalog; path = Assets.xcassets; sourceTree = "<group>"; };
		4CE5C9A22149FCDA00FC17D4 /* Base */ = {isa = PBXFileReference; lastKnownFileType = file.storyboard; name = Base; path = Base.lproj/LaunchScreen.storyboard; sourceTree = "<group>"; };
		4CE5C9A42149FCDA00FC17D4 /* Info.plist */ = {isa = PBXFileReference; lastKnownFileType = text.plist.xml; path = Info.plist; sourceTree = "<group>"; };
		4CE5C9A52149FCDA00FC17D4 /* main.m */ = {isa = PBXFileReference; lastKnownFileType = sourcecode.c.objc; path = main.m; sourceTree = "<group>"; };
		4CE5C9AB2149FCDB00FC17D4 /* XinHuaNewsTests.xctest */ = {isa = PBXFileReference; explicitFileType = wrapper.cfbundle; includeInIndex = 0; path = XinHuaNewsTests.xctest; sourceTree = BUILT_PRODUCTS_DIR; };
		4CE5C9AF2149FCDB00FC17D4 /* XinHuaNewsTests.m */ = {isa = PBXFileReference; lastKnownFileType = sourcecode.c.objc; path = XinHuaNewsTests.m; sourceTree = "<group>"; };
		4CE5C9B12149FCDB00FC17D4 /* Info.plist */ = {isa = PBXFileReference; lastKnownFileType = text.plist.xml; path = Info.plist; sourceTree = "<group>"; };
		4CE5C9B62149FCDB00FC17D4 /* XinHuaNewsUITests.xctest */ = {isa = PBXFileReference; explicitFileType = wrapper.cfbundle; includeInIndex = 0; path = XinHuaNewsUITests.xctest; sourceTree = BUILT_PRODUCTS_DIR; };
		4CE5C9BA2149FCDB00FC17D4 /* XinHuaNewsUITests.m */ = {isa = PBXFileReference; lastKnownFileType = sourcecode.c.objc; path = XinHuaNewsUITests.m; sourceTree = "<group>"; };
		4CE5C9BC2149FCDB00FC17D4 /* Info.plist */ = {isa = PBXFileReference; lastKnownFileType = text.plist.xml; path = Info.plist; sourceTree = "<group>"; };
		4CE5C9E3214A2E1000FC17D4 /* PublicViewController.h */ = {isa = PBXFileReference; lastKnownFileType = sourcecode.c.h; path = PublicViewController.h; sourceTree = "<group>"; };
		4CE5C9E4214A2E1000FC17D4 /* PublicViewController.m */ = {isa = PBXFileReference; lastKnownFileType = sourcecode.c.objc; path = PublicViewController.m; sourceTree = "<group>"; };
		4CE5C9E7214A2EDC00FC17D4 /* XinHua.pch */ = {isa = PBXFileReference; lastKnownFileType = sourcecode.c.h; path = XinHua.pch; sourceTree = "<group>"; };
		4CE5C9E8214A308400FC17D4 /* HomeViewController.h */ = {isa = PBXFileReference; lastKnownFileType = sourcecode.c.h; path = HomeViewController.h; sourceTree = "<group>"; };
		4CE5C9E9214A308400FC17D4 /* HomeViewController.m */ = {isa = PBXFileReference; lastKnownFileType = sourcecode.c.objc; path = HomeViewController.m; sourceTree = "<group>"; };
		4CE5C9EB214A309300FC17D4 /* SpotViewController.h */ = {isa = PBXFileReference; lastKnownFileType = sourcecode.c.h; path = SpotViewController.h; sourceTree = "<group>"; };
		4CE5C9EC214A309300FC17D4 /* SpotViewController.m */ = {isa = PBXFileReference; lastKnownFileType = sourcecode.c.objc; path = SpotViewController.m; sourceTree = "<group>"; };
		4CE5C9EE214A30A000FC17D4 /* XiaoXinViewController.h */ = {isa = PBXFileReference; lastKnownFileType = sourcecode.c.h; path = XiaoXinViewController.h; sourceTree = "<group>"; };
		4CE5C9EF214A30A000FC17D4 /* XiaoXinViewController.m */ = {isa = PBXFileReference; lastKnownFileType = sourcecode.c.objc; path = XiaoXinViewController.m; sourceTree = "<group>"; };
		4CE5C9F1214A30AC00FC17D4 /* SubscribeViewController.h */ = {isa = PBXFileReference; lastKnownFileType = sourcecode.c.h; path = SubscribeViewController.h; sourceTree = "<group>"; };
		4CE5C9F2214A30AC00FC17D4 /* SubscribeViewController.m */ = {isa = PBXFileReference; lastKnownFileType = sourcecode.c.objc; path = SubscribeViewController.m; sourceTree = "<group>"; };
		4CE5C9F4214A30B400FC17D4 /* MineViewController.h */ = {isa = PBXFileReference; lastKnownFileType = sourcecode.c.h; path = MineViewController.h; sourceTree = "<group>"; };
		4CE5C9F5214A30B400FC17D4 /* MineViewController.m */ = {isa = PBXFileReference; lastKnownFileType = sourcecode.c.objc; path = MineViewController.m; sourceTree = "<group>"; };
		4CE5C9F7214A32D500FC17D4 /* CustomTabBarController.h */ = {isa = PBXFileReference; lastKnownFileType = sourcecode.c.h; path = CustomTabBarController.h; sourceTree = "<group>"; };
		4CE5C9F8214A32D500FC17D4 /* CustomTabBarController.m */ = {isa = PBXFileReference; lastKnownFileType = sourcecode.c.objc; path = CustomTabBarController.m; sourceTree = "<group>"; };
		4CE5C9FA214A33B100FC17D4 /* CustomeTabBar.h */ = {isa = PBXFileReference; lastKnownFileType = sourcecode.c.h; path = CustomeTabBar.h; sourceTree = "<group>"; };
		4CE5C9FB214A33B100FC17D4 /* CustomeTabBar.m */ = {isa = PBXFileReference; lastKnownFileType = sourcecode.c.objc; path = CustomeTabBar.m; sourceTree = "<group>"; };
		4CE5C9FD214A36A600FC17D4 /* UIImage+Image.h */ = {isa = PBXFileReference; lastKnownFileType = sourcecode.c.h; path = "UIImage+Image.h"; sourceTree = "<group>"; };
		4CE5C9FE214A36A600FC17D4 /* UIImage+Image.m */ = {isa = PBXFileReference; lastKnownFileType = sourcecode.c.objc; path = "UIImage+Image.m"; sourceTree = "<group>"; };
		4CF301C721523341009DC297 /* NewsTableViewCell.h */ = {isa = PBXFileReference; lastKnownFileType = sourcecode.c.h; path = NewsTableViewCell.h; sourceTree = "<group>"; };
		4CF301C821523341009DC297 /* NewsTableViewCell.m */ = {isa = PBXFileReference; lastKnownFileType = sourcecode.c.objc; path = NewsTableViewCell.m; sourceTree = "<group>"; };
		4CF891412150D76E00DDC2B8 /* CycleScrollView.h */ = {isa = PBXFileReference; lastKnownFileType = sourcecode.c.h; path = CycleScrollView.h; sourceTree = "<group>"; };
		4CF891422150D76E00DDC2B8 /* CycleScrollView.m */ = {isa = PBXFileReference; lastKnownFileType = sourcecode.c.objc; path = CycleScrollView.m; sourceTree = "<group>"; };
		D4568630125AD5CAE8C0CF13 /* libPods-XinHuaNews.a */ = {isa = PBXFileReference; explicitFileType = archive.ar; includeInIndex = 0; path = "libPods-XinHuaNews.a"; sourceTree = BUILT_PRODUCTS_DIR; };
/* End PBXFileReference section */

/* Begin PBXFrameworksBuildPhase section */
		4CE5C9902149FCD900FC17D4 /* Frameworks */ = {
			isa = PBXFrameworksBuildPhase;
			buildActionMask = 2147483647;
			files = (
				7AB27A4AB2B0AEA64A65C95B /* libPods-XinHuaNews.a in Frameworks */,
			);
			runOnlyForDeploymentPostprocessing = 0;
		};
		4CE5C9A82149FCDB00FC17D4 /* Frameworks */ = {
			isa = PBXFrameworksBuildPhase;
			buildActionMask = 2147483647;
			files = (
			);
			runOnlyForDeploymentPostprocessing = 0;
		};
		4CE5C9B32149FCDB00FC17D4 /* Frameworks */ = {
			isa = PBXFrameworksBuildPhase;
			buildActionMask = 2147483647;
			files = (
			);
			runOnlyForDeploymentPostprocessing = 0;
		};
/* End PBXFrameworksBuildPhase section */

/* Begin PBXGroup section */
		2F30F252BE600C78C004EC10 /* Frameworks */ = {
			isa = PBXGroup;
			children = (
				D4568630125AD5CAE8C0CF13 /* libPods-XinHuaNews.a */,
			);
			name = Frameworks;
			sourceTree = "<group>";
		};
		3FA5FA82254218A8FA0A24DF /* Pods */ = {
			isa = PBXGroup;
			children = (
				2A9E670B9AB8D98B3979BBB5 /* Pods-XinHuaNews.debug.xcconfig */,
				09D986D49D4B6C229809342B /* Pods-XinHuaNews.release.xcconfig */,
			);
			name = Pods;
			sourceTree = "<group>";
		};
		4C12504B21548E47004B7BB6 /* Category */ = {
			isa = PBXGroup;
			children = (
				4C6E78772175E2E600224E4E /* UITextField+Placeholder.h */,
				4C6E78782175E2E600224E4E /* UITextField+Placeholder.m */,
				4CE5C9FD214A36A600FC17D4 /* UIImage+Image.h */,
				4CE5C9FE214A36A600FC17D4 /* UIImage+Image.m */,
				4CACFD93214B8BAB00B48FFD /* UIView+Frame.h */,
				4CACFD94214B8BAB00B48FFD /* UIView+Frame.m */,
				4C12504C21548EA5004B7BB6 /* UIView+Core.h */,
				4C12504D21548EA5004B7BB6 /* UIView+Core.m */,
				4CCB38772160A6D000A26831 /* PhoneModel.h */,
				4CCB38782160A6D000A26831 /* PhoneModel.m */,
			);
			path = Category;
			sourceTree = "<group>";
		};
		4C24F69D214F7B81007975E8 /* PlusSegmentMenu */ = {
			isa = PBXGroup;
			children = (
				4C24F69E214F7B81007975E8 /* PlusSegmentMenu.h */,
				4C24F6A6214F7B81007975E8 /* PlusSegmentMenu.m */,
				4C24F69F214F7B81007975E8 /* HeaderToolBar */,
			);
			path = PlusSegmentMenu;
			sourceTree = "<group>";
		};
		4C24F69F214F7B81007975E8 /* HeaderToolBar */ = {
			isa = PBXGroup;
			children = (
				4C24F6A1214F7B81007975E8 /* PlusHeaderToolScrollBar.h */,
				4C24F6A5214F7B81007975E8 /* PlusHeaderToolScrollBar.m */,
				4C24F6A3214F7B81007975E8 /* NSString+CalculateFontSize.h */,
				4C24F6A0214F7B81007975E8 /* NSString+CalculateFontSize.m */,
				4C24F6A4214F7B81007975E8 /* UIColor+Hex.h */,
				4C24F6A2214F7B81007975E8 /* UIColor+Hex.m */,
			);
			path = HeaderToolBar;
			sourceTree = "<group>";
		};
		4C54DFB3219280020046A610 /* images */ = {
			isa = PBXGroup;
			children = (
				4C54DFC62192801E0046A610 /* wechat_resendbut5@2x.png */,
				4C54DFCA2192801F0046A610 /* wechat_resendbut5@3x.png */,
				4C54DFB92192801A0046A610 /* wechatback1@2x.png */,
				4C54DFC82192801E0046A610 /* wechatback1@3x.png */,
				4C54DFC12192801C0046A610 /* wechatback1cover@2x.png */,
				4C54DFBB2192801B0046A610 /* wechatback1cover@3x.png */,
				4C54DFB72192801A0046A610 /* wechatback2@2x.png */,
				4C54DFBF2192801B0046A610 /* wechatback2@3x.png */,
				4C54DFC32192801D0046A610 /* wechatback2cover@2x.png */,
				4C54DFCB2192801F0046A610 /* wechatback2cover@3x.png */,
				4C54DFBC2192801B0046A610 /* WechatIMG4e@2x.png */,
				4C54DFB82192801A0046A610 /* wechatvoice3_0@2x.png */,
				4C54DFBE2192801B0046A610 /* wechatvoice3_0@3x.png */,
				4C54DFC22192801D0046A610 /* wechatvoice3_1@2x.png */,
				4C54DFC72192801E0046A610 /* wechatvoice3_1@3x.png */,
				4C54DFB4219280190046A610 /* wechatvoice3@2x.png */,
				4C54DFC52192801D0046A610 /* wechatvoice3@3x.png */,
				4C54DFC02192801C0046A610 /* wechatvoice4_0@2x.png */,
				4C54DFBD2192801B0046A610 /* wechatvoice4_0@3x.png */,
				4C54DFC42192801D0046A610 /* wechatvoice4_1@2x.png */,
				4C54DFCC2192801F0046A610 /* wechatvoice4_1@3x.png */,
				4C54DFBA2192801A0046A610 /* wechatvoice4@2x.png */,
				4C54DFC92192801F0046A610 /* wechatvoice4@3x.png */,
			);
			path = images;
			sourceTree = "<group>";
		};
		4C578073217D619B006CA697 /* SegmentMenu */ = {
			isa = PBXGroup;
			children = (
				4C578074217D619B006CA697 /* HeaderToolScrollBar.h */,
				4C578076217D619B006CA697 /* HeaderToolScrollBar.m */,
				4C578075217D619B006CA697 /* LySegmentMenu.h */,
				4C578077217D619B006CA697 /* LySegmentMenu.m */,
			);
			path = SegmentMenu;
			sourceTree = "<group>";
		};
		4C754E5C2178644F00FB7057 /* XLChannelControl */ = {
			isa = PBXGroup;
			children = (
				4C754E632178644F00FB7057 /* XLChannelControl.h */,
				4C754E5D2178644F00FB7057 /* XLChannelControl.m */,
				4C754E5F2178644F00FB7057 /* XLChannelHeader.h */,
				4C754E612178644F00FB7057 /* XLChannelHeader.m */,
				4C754E5E2178644F00FB7057 /* XLChannelView.h */,
				4C754E622178644F00FB7057 /* XLChannelView.m */,
				4C754E602178644F00FB7057 /* XLChannelItem.h */,
				4C754E642178644F00FB7057 /* XLChannelItem.m */,
			);
			path = XLChannelControl;
			sourceTree = "<group>";
		};
		4CE5C98A2149FCD900FC17D4 = {
			isa = PBXGroup;
			children = (
				4CE5C9952149FCD900FC17D4 /* XinHuaNews */,
				4CE5C9AE2149FCDB00FC17D4 /* XinHuaNewsTests */,
				4CE5C9B92149FCDB00FC17D4 /* XinHuaNewsUITests */,
				4CE5C9942149FCD900FC17D4 /* Products */,
				3FA5FA82254218A8FA0A24DF /* Pods */,
				2F30F252BE600C78C004EC10 /* Frameworks */,
			);
			sourceTree = "<group>";
		};
		4CE5C9942149FCD900FC17D4 /* Products */ = {
			isa = PBXGroup;
			children = (
				4CE5C9932149FCD900FC17D4 /* XinHuaNews.app */,
				4CE5C9AB2149FCDB00FC17D4 /* XinHuaNewsTests.xctest */,
				4CE5C9B62149FCDB00FC17D4 /* XinHuaNewsUITests.xctest */,
			);
			name = Products;
			sourceTree = "<group>";
		};
		4CE5C9952149FCD900FC17D4 /* XinHuaNews */ = {
			isa = PBXGroup;
			children = (
				4CE5C9CA214A0B8D00FC17D4 /* Classes */,
				4CE5C9962149FCD900FC17D4 /* AppDelegate.h */,
				4CE5C9972149FCD900FC17D4 /* AppDelegate.m */,
				4CE5C9992149FCD900FC17D4 /* ViewController.h */,
				4CE5C99A2149FCD900FC17D4 /* ViewController.m */,
				4CE5C99F2149FCDA00FC17D4 /* Assets.xcassets */,
				4CE5C9A12149FCDA00FC17D4 /* LaunchScreen.storyboard */,
				4CE5C9A42149FCDA00FC17D4 /* Info.plist */,
				4CE5C9A52149FCDA00FC17D4 /* main.m */,
			);
			path = XinHuaNews;
			sourceTree = "<group>";
		};
		4CE5C9AE2149FCDB00FC17D4 /* XinHuaNewsTests */ = {
			isa = PBXGroup;
			children = (
				4CE5C9AF2149FCDB00FC17D4 /* XinHuaNewsTests.m */,
				4CE5C9B12149FCDB00FC17D4 /* Info.plist */,
			);
			path = XinHuaNewsTests;
			sourceTree = "<group>";
		};
		4CE5C9B92149FCDB00FC17D4 /* XinHuaNewsUITests */ = {
			isa = PBXGroup;
			children = (
				4CE5C9BA2149FCDB00FC17D4 /* XinHuaNewsUITests.m */,
				4CE5C9BC2149FCDB00FC17D4 /* Info.plist */,
			);
			path = XinHuaNewsUITests;
			sourceTree = "<group>";
		};
		4CE5C9CA214A0B8D00FC17D4 /* Classes */ = {
			isa = PBXGroup;
			children = (
				4CE5C9DB214A0B8D00FC17D4 /* Public */,
				4CE5C9CB214A0B8D00FC17D4 /* Home(首页) */,
				4CE5C9DF214A0B8D00FC17D4 /* Spot(现场) */,
				4CE5C9D3214A0B8D00FC17D4 /* XiaoXin(小新) */,
				4CE5C9D7214A0B8D00FC17D4 /* subscribe(订阅号) */,
				4CE5C9CF214A0B8D00FC17D4 /* Mine(我的) */,
			);
			path = Classes;
			sourceTree = "<group>";
		};
		4CE5C9CB214A0B8D00FC17D4 /* Home(首页) */ = {
			isa = PBXGroup;
			children = (
				4CE5C9CC214A0B8D00FC17D4 /* Controller */,
				4CE5C9CD214A0B8D00FC17D4 /* Model */,
				4CE5C9CE214A0B8D00FC17D4 /* View */,
			);
			path = "Home(首页)";
			sourceTree = "<group>";
		};
		4CE5C9CC214A0B8D00FC17D4 /* Controller */ = {
			isa = PBXGroup;
			children = (
				4C754E5C2178644F00FB7057 /* XLChannelControl */,
				4CE5C9E8214A308400FC17D4 /* HomeViewController.h */,
				4CE5C9E9214A308400FC17D4 /* HomeViewController.m */,
				4C24F69A214F4082007975E8 /* UniversalNewsViewController.h */,
				4C24F69B214F4082007975E8 /* UniversalNewsViewController.m */,
				4C6E78712175D48900224E4E /* SearchViewController.h */,
				4C6E78722175D48900224E4E /* SearchViewController.m */,
				4C754E5621782F2A00FB7057 /* SearchResultViewController.h */,
				4C754E5721782F2A00FB7057 /* SearchResultViewController.m */,
				4C754E59217862E700FB7057 /* ManageChannelViewController.h */,
				4C754E5A217862E700FB7057 /* ManageChannelViewController.m */,
			);
			path = Controller;
			sourceTree = "<group>";
		};
		4CE5C9CD214A0B8D00FC17D4 /* Model */ = {
			isa = PBXGroup;
			children = (
			);
			path = Model;
			sourceTree = "<group>";
		};
		4CE5C9CE214A0B8D00FC17D4 /* View */ = {
			isa = PBXGroup;
			children = (
				4CACFD96214B8CC200B48FFD /* TitleButton.h */,
				4CACFD97214B8CC200B48FFD /* TitleButton.m */,
				4CF891412150D76E00DDC2B8 /* CycleScrollView.h */,
				4CF891422150D76E00DDC2B8 /* CycleScrollView.m */,
				4CF301C721523341009DC297 /* NewsTableViewCell.h */,
				4CF301C821523341009DC297 /* NewsTableViewCell.m */,
				4C729D2221536C5E00FF3E8F /* PicNewsTableViewCell.h */,
				4C729D2321536C5E00FF3E8F /* PicNewsTableViewCell.m */,
				4C12504F21549949004B7BB6 /* AdTableViewCell.h */,
				4C12505021549949004B7BB6 /* AdTableViewCell.m */,
				4C1250522154C108004B7BB6 /* ScrollTableViewCell.h */,
				4C1250532154C108004B7BB6 /* ScrollTableViewCell.m */,
				4C1250552154C404004B7BB6 /* NewsVideoView.h */,
				4C1250562154C404004B7BB6 /* NewsVideoView.m */,
				4C59F6872159D39D00DE1B49 /* OnePicTableViewCell.h */,
				4C59F6882159D39D00DE1B49 /* OnePicTableViewCell.m */,
				4C754E502176CDD900FB7057 /* HotWordsTableViewCell.h */,
				4C754E512176CDD900FB7057 /* HotWordsTableViewCell.m */,
				4C754E532176E9B400FB7057 /* SearchHistoryTableViewCell.h */,
				4C754E542176E9B500FB7057 /* SearchHistoryTableViewCell.m */,
			);
			path = View;
			sourceTree = "<group>";
		};
		4CE5C9CF214A0B8D00FC17D4 /* Mine(我的) */ = {
			isa = PBXGroup;
			children = (
				4CE5C9D0214A0B8D00FC17D4 /* Controller */,
				4CE5C9D1214A0B8D00FC17D4 /* Model */,
				4CE5C9D2214A0B8D00FC17D4 /* View */,
			);
			path = "Mine(我的)";
			sourceTree = "<group>";
		};
		4CE5C9D0214A0B8D00FC17D4 /* Controller */ = {
			isa = PBXGroup;
			children = (
				4CE5C9F4214A30B400FC17D4 /* MineViewController.h */,
				4CE5C9F5214A30B400FC17D4 /* MineViewController.m */,
				4C13609A215B33D800BDC6E8 /* SettingViewController.h */,
				4C13609B215B33D800BDC6E8 /* SettingViewController.m */,
				4C8F447D215CAF06008885C1 /* MessageCenterViewController.h */,
				4C8F447E215CAF06008885C1 /* MessageCenterViewController.m */,
				4C8F4483215E046A008885C1 /* MySubscribeViewController.h */,
				4C8F4484215E046A008885C1 /* MySubscribeViewController.m */,
				4C8F4486215E0988008885C1 /* SubscribeAccountViewController.h */,
				4C8F4487215E0988008885C1 /* SubscribeAccountViewController.m */,
				4C8F4489215E09AD008885C1 /* GovermentAccountViewController.h */,
				4C8F448A215E09AD008885C1 /* GovermentAccountViewController.m */,
				4CA582C4215F4EC7008E1518 /* MyCollectionViewController.h */,
				4CA582C5215F4EC7008E1518 /* MyCollectionViewController.m */,
				4CA582C7215F716F008E1518 /* MyCommentViewController.h */,
				4CA582C8215F716F008E1518 /* MyCommentViewController.m */,
				4CCB386B2160A23F00A26831 /* SuggestionViewController.h */,
				4CCB386C2160A23F00A26831 /* SuggestionViewController.m */,
			);
			path = Controller;
			sourceTree = "<group>";
		};
		4CE5C9D1214A0B8D00FC17D4 /* Model */ = {
			isa = PBXGroup;
			children = (
			);
			path = Model;
			sourceTree = "<group>";
		};
		4CE5C9D2214A0B8D00FC17D4 /* View */ = {
			isa = PBXGroup;
			children = (
				4C136097215B296100BDC6E8 /* MineTableViewCell.h */,
				4C136098215B296100BDC6E8 /* MineTableViewCell.m */,
				4C8F4477215CA9A6008885C1 /* SettingTableViewCell.h */,
				4C8F4478215CA9A6008885C1 /* SettingTableViewCell.m */,
				4C8F4480215CB2B3008885C1 /* MessageCenterTableViewCell.h */,
				4C8F4481215CB2B3008885C1 /* MessageCenterTableViewCell.m */,
				4CA582C1215F1D84008E1518 /* SubscribeTableViewCell.h */,
				4CA582C2215F1D84008E1518 /* SubscribeTableViewCell.m */,
				4CA582CA215F73C5008E1518 /* MyCommentTableViewCell.h */,
				4CA582CB215F73C5008E1518 /* MyCommentTableViewCell.m */,
				4CCB387A2160AB5100A26831 /* PlaceholderTextView.h */,
				4CCB387B2160AB5100A26831 /* PlaceholderTextView.m */,
			);
			path = View;
			sourceTree = "<group>";
		};
		4CE5C9D3214A0B8D00FC17D4 /* XiaoXin(小新) */ = {
			isa = PBXGroup;
			children = (
				4C54DFB3219280020046A610 /* images */,
				4CE5C9D4214A0B8D00FC17D4 /* Controller */,
				4CE5C9D5214A0B8D00FC17D4 /* Model */,
				4CE5C9D6214A0B8D00FC17D4 /* View */,
			);
			path = "XiaoXin(小新)";
			sourceTree = "<group>";
		};
		4CE5C9D4214A0B8D00FC17D4 /* Controller */ = {
			isa = PBXGroup;
			children = (
				4CE5C9EE214A30A000FC17D4 /* XiaoXinViewController.h */,
				4CE5C9EF214A30A000FC17D4 /* XiaoXinViewController.m */,
			);
			path = Controller;
			sourceTree = "<group>";
		};
		4CE5C9D5214A0B8D00FC17D4 /* Model */ = {
			isa = PBXGroup;
			children = (
				4C54DFE52192818F0046A610 /* MessageModel.h */,
				4C54DFE62192818F0046A610 /* MessageModel.m */,
				4C7D500221AB9E8800B3782C /* WeatherModel.h */,
				4C7D500321AB9E8800B3782C /* WeatherModel.m */,
			);
			path = Model;
			sourceTree = "<group>";
		};
		4CE5C9D6214A0B8D00FC17D4 /* View */ = {
			isa = PBXGroup;
			children = (
				4C54DFEB219292120046A610 /* ConstantPart.h */,
				4C54DFE921928E1D0046A610 /* WeChatCell.h */,
				4C54DFE821928E1D0046A610 /* WeChatCell.m */,
				4C94945921A690F300399590 /* TextTopView.h */,
				4C94945A21A690F300399590 /* TextTopView.m */,
			);
			path = View;
			sourceTree = "<group>";
		};
		4CE5C9D7214A0B8D00FC17D4 /* subscribe(订阅号) */ = {
			isa = PBXGroup;
			children = (
				4CE5C9D8214A0B8D00FC17D4 /* Controller */,
				4CE5C9D9214A0B8D00FC17D4 /* Model */,
				4CE5C9DA214A0B8D00FC17D4 /* View */,
			);
			path = "subscribe(订阅号)";
			sourceTree = "<group>";
		};
		4CE5C9D8214A0B8D00FC17D4 /* Controller */ = {
			isa = PBXGroup;
			children = (
				4CE5C9F1214A30AC00FC17D4 /* SubscribeViewController.h */,
				4CE5C9F2214A30AC00FC17D4 /* SubscribeViewController.m */,
				4C7C9152216EFE9500A89986 /* SubscribeCenterViewController.h */,
				4C7C9153216EFE9500A89986 /* SubscribeCenterViewController.m */,
			);
			path = Controller;
			sourceTree = "<group>";
		};
		4CE5C9D9214A0B8D00FC17D4 /* Model */ = {
			isa = PBXGroup;
			children = (
			);
			path = Model;
			sourceTree = "<group>";
		};
		4CE5C9DA214A0B8D00FC17D4 /* View */ = {
			isa = PBXGroup;
			children = (
				4C14ACE3216D951B00D3D910 /* RecommendationTableViewCell.h */,
				4C14ACE4216D951B00D3D910 /* RecommendationTableViewCell.m */,
				4C14ACE9216D971A00D3D910 /* RecommendationView.h */,
				4C14ACEA216D971A00D3D910 /* RecommendationView.m */,
				4C7C91552170384F00A89986 /* SubCenterTableViewCell.h */,
				4C7C91562170384F00A89986 /* SubCenterTableViewCell.m */,
				4C6E786E217592B500224E4E /* SubCenterLeftTableViewCell.h */,
				4C6E786F217592B500224E4E /* SubCenterLeftTableViewCell.m */,
			);
			path = View;
			sourceTree = "<group>";
		};
		4CE5C9DB214A0B8D00FC17D4 /* Public */ = {
			isa = PBXGroup;
			children = (
				4CE5C9E6214A2ECB00FC17D4 /* Tools */,
				4CE5C9DC214A0B8D00FC17D4 /* Controller */,
				4CE5C9DD214A0B8D00FC17D4 /* Model */,
				4CE5C9DE214A0B8D00FC17D4 /* View */,
			);
			path = Public;
			sourceTree = "<group>";
		};
		4CE5C9DC214A0B8D00FC17D4 /* Controller */ = {
			isa = PBXGroup;
			children = (
				4CE5C9E3214A2E1000FC17D4 /* PublicViewController.h */,
				4CE5C9E4214A2E1000FC17D4 /* PublicViewController.m */,
				4CE5C9F7214A32D500FC17D4 /* CustomTabBarController.h */,
				4CE5C9F8214A32D500FC17D4 /* CustomTabBarController.m */,
			);
			path = Controller;
			sourceTree = "<group>";
		};
		4CE5C9DD214A0B8D00FC17D4 /* Model */ = {
			isa = PBXGroup;
			children = (
			);
			path = Model;
			sourceTree = "<group>";
		};
		4CE5C9DE214A0B8D00FC17D4 /* View */ = {
			isa = PBXGroup;
			children = (
				4CE5C9FA214A33B100FC17D4 /* CustomeTabBar.h */,
				4CE5C9FB214A33B100FC17D4 /* CustomeTabBar.m */,
				4C729D1F215347C000FF3E8F /* PublicNewsTableViewCell.h */,
				4C729D20215347C000FF3E8F /* PublicNewsTableViewCell.m */,
			);
			path = View;
			sourceTree = "<group>";
		};
		4CE5C9DF214A0B8D00FC17D4 /* Spot(现场) */ = {
			isa = PBXGroup;
			children = (
				4CE5C9E0214A0B8D00FC17D4 /* Controller */,
				4CE5C9E1214A0B8D00FC17D4 /* Model */,
				4CE5C9E2214A0B8D00FC17D4 /* View */,
			);
			path = "Spot(现场)";
			sourceTree = "<group>";
		};
		4CE5C9E0214A0B8D00FC17D4 /* Controller */ = {
			isa = PBXGroup;
			children = (
				4C578073217D619B006CA697 /* SegmentMenu */,
				4CE5C9EB214A309300FC17D4 /* SpotViewController.h */,
				4CE5C9EC214A309300FC17D4 /* SpotViewController.m */,
				4C4887192179BE4200CDC1EC /* SpotNewsViewController.h */,
				4C48871A2179BE4200CDC1EC /* SpotNewsViewController.m */,
				4C48872A2179CD5000CDC1EC /* SpotHeraldViewController.h */,
				4C48872B2179CD5000CDC1EC /* SpotHeraldViewController.m */,
			);
			path = Controller;
			sourceTree = "<group>";
		};
		4CE5C9E1214A0B8D00FC17D4 /* Model */ = {
			isa = PBXGroup;
			children = (
			);
			path = Model;
			sourceTree = "<group>";
		};
		4CE5C9E2214A0B8D00FC17D4 /* View */ = {
			isa = PBXGroup;
			children = (
				4C48872D2179D05600CDC1EC /* SpotHeraldTableViewCell.h */,
				4C48872E2179D05600CDC1EC /* SpotHeraldTableViewCell.m */,
				4C57807A217DA2D7006CA697 /* TwoPicNewsTableViewCell.h */,
				4C57807B217DA2D7006CA697 /* TwoPicNewsTableViewCell.m */,
			);
			path = View;
			sourceTree = "<group>";
		};
		4CE5C9E6214A2ECB00FC17D4 /* Tools */ = {
			isa = PBXGroup;
			children = (
				4CE5C9E7214A2EDC00FC17D4 /* XinHua.pch */,
				4C8F4475215C7C49008885C1 /* FileTool.h */,
				4C8F4474215C7C49008885C1 /* FileTool.m */,
				4C12504B21548E47004B7BB6 /* Category */,
				4C24F69D214F7B81007975E8 /* PlusSegmentMenu */,
			);
			path = Tools;
			sourceTree = "<group>";
		};
/* End PBXGroup section */

/* Begin PBXNativeTarget section */
		4CE5C9922149FCD900FC17D4 /* XinHuaNews */ = {
			isa = PBXNativeTarget;
			buildConfigurationList = 4CE5C9BF2149FCDB00FC17D4 /* Build configuration list for PBXNativeTarget "XinHuaNews" */;
			buildPhases = (
				7CA418C8DC4A8E5759603730 /* [CP] Check Pods Manifest.lock */,
				4CE5C98F2149FCD900FC17D4 /* Sources */,
				4CE5C9902149FCD900FC17D4 /* Frameworks */,
				4CE5C9912149FCD900FC17D4 /* Resources */,
				D6FA5344EC5E1524768ADBB6 /* [CP] Copy Pods Resources */,
			);
			buildRules = (
			);
			dependencies = (
			);
			name = XinHuaNews;
			productName = XinHuaNews;
			productReference = 4CE5C9932149FCD900FC17D4 /* XinHuaNews.app */;
			productType = "com.apple.product-type.application";
		};
		4CE5C9AA2149FCDB00FC17D4 /* XinHuaNewsTests */ = {
			isa = PBXNativeTarget;
			buildConfigurationList = 4CE5C9C22149FCDB00FC17D4 /* Build configuration list for PBXNativeTarget "XinHuaNewsTests" */;
			buildPhases = (
				4CE5C9A72149FCDB00FC17D4 /* Sources */,
				4CE5C9A82149FCDB00FC17D4 /* Frameworks */,
				4CE5C9A92149FCDB00FC17D4 /* Resources */,
			);
			buildRules = (
			);
			dependencies = (
				4CE5C9AD2149FCDB00FC17D4 /* PBXTargetDependency */,
			);
			name = XinHuaNewsTests;
			productName = XinHuaNewsTests;
			productReference = 4CE5C9AB2149FCDB00FC17D4 /* XinHuaNewsTests.xctest */;
			productType = "com.apple.product-type.bundle.unit-test";
		};
		4CE5C9B52149FCDB00FC17D4 /* XinHuaNewsUITests */ = {
			isa = PBXNativeTarget;
			buildConfigurationList = 4CE5C9C52149FCDB00FC17D4 /* Build configuration list for PBXNativeTarget "XinHuaNewsUITests" */;
			buildPhases = (
				4CE5C9B22149FCDB00FC17D4 /* Sources */,
				4CE5C9B32149FCDB00FC17D4 /* Frameworks */,
				4CE5C9B42149FCDB00FC17D4 /* Resources */,
			);
			buildRules = (
			);
			dependencies = (
				4CE5C9B82149FCDB00FC17D4 /* PBXTargetDependency */,
			);
			name = XinHuaNewsUITests;
			productName = XinHuaNewsUITests;
			productReference = 4CE5C9B62149FCDB00FC17D4 /* XinHuaNewsUITests.xctest */;
			productType = "com.apple.product-type.bundle.ui-testing";
		};
/* End PBXNativeTarget section */

/* Begin PBXProject section */
		4CE5C98B2149FCD900FC17D4 /* Project object */ = {
			isa = PBXProject;
			attributes = {
				LastUpgradeCheck = 0940;
				ORGANIZATIONNAME = Mc;
				TargetAttributes = {
					4CE5C9922149FCD900FC17D4 = {
						CreatedOnToolsVersion = 9.4.1;
					};
					4CE5C9AA2149FCDB00FC17D4 = {
						CreatedOnToolsVersion = 9.4.1;
						TestTargetID = 4CE5C9922149FCD900FC17D4;
					};
					4CE5C9B52149FCDB00FC17D4 = {
						CreatedOnToolsVersion = 9.4.1;
						TestTargetID = 4CE5C9922149FCD900FC17D4;
					};
				};
			};
			buildConfigurationList = 4CE5C98E2149FCD900FC17D4 /* Build configuration list for PBXProject "XinHuaNews" */;
			compatibilityVersion = "Xcode 9.3";
			developmentRegion = en;
			hasScannedForEncodings = 0;
			knownRegions = (
				en,
				Base,
			);
			mainGroup = 4CE5C98A2149FCD900FC17D4;
			productRefGroup = 4CE5C9942149FCD900FC17D4 /* Products */;
			projectDirPath = "";
			projectRoot = "";
			targets = (
				4CE5C9922149FCD900FC17D4 /* XinHuaNews */,
				4CE5C9AA2149FCDB00FC17D4 /* XinHuaNewsTests */,
				4CE5C9B52149FCDB00FC17D4 /* XinHuaNewsUITests */,
			);
		};
/* End PBXProject section */

/* Begin PBXResourcesBuildPhase section */
		4CE5C9912149FCD900FC17D4 /* Resources */ = {
			isa = PBXResourcesBuildPhase;
			buildActionMask = 2147483647;
			files = (
				4C54DFD6219280200046A610 /* wechatvoice3_0@3x.png in Resources */,
				4C54DFD5219280200046A610 /* wechatvoice4_0@3x.png in Resources */,
				4C54DFE0219280200046A610 /* wechatback1@3x.png in Resources */,
				4C54DFDB219280200046A610 /* wechatback2cover@2x.png in Resources */,
				4C54DFD8219280200046A610 /* wechatvoice4_0@2x.png in Resources */,
				4C54DFDF219280200046A610 /* wechatvoice3_1@3x.png in Resources */,
				4CE5C9A32149FCDA00FC17D4 /* LaunchScreen.storyboard in Resources */,
				4C54DFD1219280200046A610 /* wechatback1@2x.png in Resources */,
				4C54DFDE219280200046A610 /* wechat_resendbut5@2x.png in Resources */,
				4C54DFDC219280200046A610 /* wechatvoice4_1@2x.png in Resources */,
				4C54DFE4219280200046A610 /* wechatvoice4_1@3x.png in Resources */,
				4C54DFD9219280200046A610 /* wechatback1cover@2x.png in Resources */,
				4C54DFDD219280200046A610 /* wechatvoice3@3x.png in Resources */,
				4C54DFD3219280200046A610 /* wechatback1cover@3x.png in Resources */,
				4C54DFD2219280200046A610 /* wechatvoice4@2x.png in Resources */,
				4CE5C9A02149FCDA00FC17D4 /* Assets.xcassets in Resources */,
				4C54DFE2219280200046A610 /* wechat_resendbut5@3x.png in Resources */,
				4C54DFDA219280200046A610 /* wechatvoice3_1@2x.png in Resources */,
				4C54DFD7219280200046A610 /* wechatback2@3x.png in Resources */,
				4C54DFD4219280200046A610 /* WechatIMG4e@2x.png in Resources */,
				4C54DFE3219280200046A610 /* wechatback2cover@3x.png in Resources */,
				4C54DFCF219280200046A610 /* wechatback2@2x.png in Resources */,
				4C54DFE1219280200046A610 /* wechatvoice4@3x.png in Resources */,
				4C54DFCD219280200046A610 /* wechatvoice3@2x.png in Resources */,
				4C54DFD0219280200046A610 /* wechatvoice3_0@2x.png in Resources */,
			);
			runOnlyForDeploymentPostprocessing = 0;
		};
		4CE5C9A92149FCDB00FC17D4 /* Resources */ = {
			isa = PBXResourcesBuildPhase;
			buildActionMask = 2147483647;
			files = (
			);
			runOnlyForDeploymentPostprocessing = 0;
		};
		4CE5C9B42149FCDB00FC17D4 /* Resources */ = {
			isa = PBXResourcesBuildPhase;
			buildActionMask = 2147483647;
			files = (
			);
			runOnlyForDeploymentPostprocessing = 0;
		};
/* End PBXResourcesBuildPhase section */

/* Begin PBXShellScriptBuildPhase section */
		7CA418C8DC4A8E5759603730 /* [CP] Check Pods Manifest.lock */ = {
			isa = PBXShellScriptBuildPhase;
			buildActionMask = 2147483647;
			files = (
			);
			inputPaths = (
				"${PODS_PODFILE_DIR_PATH}/Podfile.lock",
				"${PODS_ROOT}/Manifest.lock",
			);
			name = "[CP] Check Pods Manifest.lock";
			outputPaths = (
				"$(DERIVED_FILE_DIR)/Pods-XinHuaNews-checkManifestLockResult.txt",
			);
			runOnlyForDeploymentPostprocessing = 0;
			shellPath = /bin/sh;
			shellScript = "diff \"${PODS_PODFILE_DIR_PATH}/Podfile.lock\" \"${PODS_ROOT}/Manifest.lock\" > /dev/null\nif [ $? != 0 ] ; then\n    # print error to STDERR\n    echo \"error: The sandbox is not in sync with the Podfile.lock. Run 'pod install' or update your CocoaPods installation.\" >&2\n    exit 1\nfi\n# This output is used by Xcode 'outputs' to avoid re-running this script phase.\necho \"SUCCESS\" > \"${SCRIPT_OUTPUT_FILE_0}\"\n";
			showEnvVarsInLog = 0;
		};
		D6FA5344EC5E1524768ADBB6 /* [CP] Copy Pods Resources */ = {
			isa = PBXShellScriptBuildPhase;
			buildActionMask = 2147483647;
			files = (
			);
			inputPaths = (
				"${SRCROOT}/Pods/Target Support Files/Pods-XinHuaNews/Pods-XinHuaNews-resources.sh",
				"${PODS_ROOT}/SVProgressHUD/SVProgressHUD/SVProgressHUD.bundle",
			);
			name = "[CP] Copy Pods Resources";
			outputPaths = (
				"${TARGET_BUILD_DIR}/${UNLOCALIZED_RESOURCES_FOLDER_PATH}/SVProgressHUD.bundle",
			);
			runOnlyForDeploymentPostprocessing = 0;
			shellPath = /bin/sh;
			shellScript = "\"${SRCROOT}/Pods/Target Support Files/Pods-XinHuaNews/Pods-XinHuaNews-resources.sh\"\n";
			showEnvVarsInLog = 0;
		};
/* End PBXShellScriptBuildPhase section */

/* Begin PBXSourcesBuildPhase section */
		4CE5C98F2149FCD900FC17D4 /* Sources */ = {
			isa = PBXSourcesBuildPhase;
			buildActionMask = 2147483647;
			files = (
				4C754E552176E9B500FB7057 /* SearchHistoryTableViewCell.m in Sources */,
				4C12505121549949004B7BB6 /* AdTableViewCell.m in Sources */,
				4C754E5821782F2A00FB7057 /* SearchResultViewController.m in Sources */,
				4C7C91572170384F00A89986 /* SubCenterTableViewCell.m in Sources */,
				4CE5C99B2149FCD900FC17D4 /* ViewController.m in Sources */,
				4C24F6A8214F7B81007975E8 /* UIColor+Hex.m in Sources */,
				4C1250572154C404004B7BB6 /* NewsVideoView.m in Sources */,
				4C6E78792175E2E600224E4E /* UITextField+Placeholder.m in Sources */,
				4C57807C217DA2D7006CA697 /* TwoPicNewsTableViewCell.m in Sources */,
				4CA582C9215F716F008E1518 /* MyCommentViewController.m in Sources */,
				4CE5C9A62149FCDA00FC17D4 /* main.m in Sources */,
				4C59F6892159D39D00DE1B49 /* OnePicTableViewCell.m in Sources */,
				4C754E5B217862E700FB7057 /* ManageChannelViewController.m in Sources */,
				4CCB38792160A6D000A26831 /* PhoneModel.m in Sources */,
				4C8F4485215E046A008885C1 /* MySubscribeViewController.m in Sources */,
				4CE5C9ED214A309300FC17D4 /* SpotViewController.m in Sources */,
				4CE5C9F6214A30B400FC17D4 /* MineViewController.m in Sources */,
				4C48871B2179BE4200CDC1EC /* SpotNewsViewController.m in Sources */,
				4C6E78732175D48900224E4E /* SearchViewController.m in Sources */,
				4C8F448B215E09AD008885C1 /* GovermentAccountViewController.m in Sources */,
				4C24F69C214F4082007975E8 /* UniversalNewsViewController.m in Sources */,
				4C7C9154216EFE9500A89986 /* SubscribeCenterViewController.m in Sources */,
				4C54DFE72192818F0046A610 /* MessageModel.m in Sources */,
				4CE5C9982149FCD900FC17D4 /* AppDelegate.m in Sources */,
				4CACFD95214B8BAB00B48FFD /* UIView+Frame.m in Sources */,
				4C578079217D619B006CA697 /* LySegmentMenu.m in Sources */,
				4C14ACEB216D971A00D3D910 /* RecommendationView.m in Sources */,
				4CE5C9FC214A33B100FC17D4 /* CustomeTabBar.m in Sources */,
				4C24F6AA214F7B81007975E8 /* PlusSegmentMenu.m in Sources */,
				4CF891432150D76E00DDC2B8 /* CycleScrollView.m in Sources */,
				4CA582C3215F1D84008E1518 /* SubscribeTableViewCell.m in Sources */,
				4C14ACE5216D951B00D3D910 /* RecommendationTableViewCell.m in Sources */,
				4CCB387C2160AB5100A26831 /* PlaceholderTextView.m in Sources */,
				4CA582C6215F4EC7008E1518 /* MyCollectionViewController.m in Sources */,
				4C54DFEA21928E1D0046A610 /* WeChatCell.m in Sources */,
				4CE5C9EA214A308400FC17D4 /* HomeViewController.m in Sources */,
				4CA582CC215F73C5008E1518 /* MyCommentTableViewCell.m in Sources */,
				4C729D2421536C5E00FF3E8F /* PicNewsTableViewCell.m in Sources */,
				4C136099215B296100BDC6E8 /* MineTableViewCell.m in Sources */,
				4C754E682178644F00FB7057 /* XLChannelItem.m in Sources */,
				4CACFD98214B8CC200B48FFD /* TitleButton.m in Sources */,
				4C754E662178644F00FB7057 /* XLChannelHeader.m in Sources */,
				4C578078217D619B006CA697 /* HeaderToolScrollBar.m in Sources */,
				4C754E652178644F00FB7057 /* XLChannelControl.m in Sources */,
				4C8F4479215CA9A6008885C1 /* SettingTableViewCell.m in Sources */,
				4C24F6A9214F7B81007975E8 /* PlusHeaderToolScrollBar.m in Sources */,
				4C24F6A7214F7B81007975E8 /* NSString+CalculateFontSize.m in Sources */,
				4C48872C2179CD5000CDC1EC /* SpotHeraldViewController.m in Sources */,
				4C7D500421AB9E8800B3782C /* WeatherModel.m in Sources */,
				4C48872F2179D05600CDC1EC /* SpotHeraldTableViewCell.m in Sources */,
				4CE5C9F3214A30AC00FC17D4 /* SubscribeViewController.m in Sources */,
				4C1250542154C108004B7BB6 /* ScrollTableViewCell.m in Sources */,
				4CE5C9F0214A30A000FC17D4 /* XiaoXinViewController.m in Sources */,
				4CE5C9FF214A36A600FC17D4 /* UIImage+Image.m in Sources */,
				4C754E672178644F00FB7057 /* XLChannelView.m in Sources */,
				4CE5C9F9214A32D500FC17D4 /* CustomTabBarController.m in Sources */,
				4C8F4482215CB2B3008885C1 /* MessageCenterTableViewCell.m in Sources */,
				4CE5C9E5214A2E1000FC17D4 /* PublicViewController.m in Sources */,
				4C8F4476215C7C49008885C1 /* FileTool.m in Sources */,
				4C12504E21548EA5004B7BB6 /* UIView+Core.m in Sources */,
				4C94945B21A690F300399590 /* TextTopView.m in Sources */,
				4C6E7870217592B500224E4E /* SubCenterLeftTableViewCell.m in Sources */,
				4C8F447F215CAF06008885C1 /* MessageCenterViewController.m in Sources */,
				4C754E522176CDD900FB7057 /* HotWordsTableViewCell.m in Sources */,
				4CF301C921523341009DC297 /* NewsTableViewCell.m in Sources */,
				4CCB386D2160A23F00A26831 /* SuggestionViewController.m in Sources */,
				4C729D21215347C000FF3E8F /* PublicNewsTableViewCell.m in Sources */,
				4C8F4488215E0988008885C1 /* SubscribeAccountViewController.m in Sources */,
				4C13609C215B33D800BDC6E8 /* SettingViewController.m in Sources */,
			);
			runOnlyForDeploymentPostprocessing = 0;
		};
		4CE5C9A72149FCDB00FC17D4 /* Sources */ = {
			isa = PBXSourcesBuildPhase;
			buildActionMask = 2147483647;
			files = (
				4CE5C9B02149FCDB00FC17D4 /* XinHuaNewsTests.m in Sources */,
			);
			runOnlyForDeploymentPostprocessing = 0;
		};
		4CE5C9B22149FCDB00FC17D4 /* Sources */ = {
			isa = PBXSourcesBuildPhase;
			buildActionMask = 2147483647;
			files = (
				4CE5C9BB2149FCDB00FC17D4 /* XinHuaNewsUITests.m in Sources */,
			);
			runOnlyForDeploymentPostprocessing = 0;
		};
/* End PBXSourcesBuildPhase section */

/* Begin PBXTargetDependency section */
		4CE5C9AD2149FCDB00FC17D4 /* PBXTargetDependency */ = {
			isa = PBXTargetDependency;
			target = 4CE5C9922149FCD900FC17D4 /* XinHuaNews */;
			targetProxy = 4CE5C9AC2149FCDB00FC17D4 /* PBXContainerItemProxy */;
		};
		4CE5C9B82149FCDB00FC17D4 /* PBXTargetDependency */ = {
			isa = PBXTargetDependency;
			target = 4CE5C9922149FCD900FC17D4 /* XinHuaNews */;
			targetProxy = 4CE5C9B72149FCDB00FC17D4 /* PBXContainerItemProxy */;
		};
/* End PBXTargetDependency section */

/* Begin PBXVariantGroup section */
		4CE5C9A12149FCDA00FC17D4 /* LaunchScreen.storyboard */ = {
			isa = PBXVariantGroup;
			children = (
				4CE5C9A22149FCDA00FC17D4 /* Base */,
			);
			name = LaunchScreen.storyboard;
			sourceTree = "<group>";
		};
/* End PBXVariantGroup section */

/* Begin XCBuildConfiguration section */
		4CE5C9BD2149FCDB00FC17D4 /* Debug */ = {
			isa = XCBuildConfiguration;
			buildSettings = {
				ALWAYS_SEARCH_USER_PATHS = NO;
				CLANG_ANALYZER_NONNULL = YES;
				CLANG_ANALYZER_NUMBER_OBJECT_CONVERSION = YES_AGGRESSIVE;
				CLANG_CXX_LANGUAGE_STANDARD = "gnu++14";
				CLANG_CXX_LIBRARY = "libc++";
				CLANG_ENABLE_MODULES = YES;
				CLANG_ENABLE_OBJC_ARC = YES;
				CLANG_ENABLE_OBJC_WEAK = YES;
				CLANG_WARN_BLOCK_CAPTURE_AUTORELEASING = YES;
				CLANG_WARN_BOOL_CONVERSION = YES;
				CLANG_WARN_COMMA = YES;
				CLANG_WARN_CONSTANT_CONVERSION = YES;
				CLANG_WARN_DEPRECATED_OBJC_IMPLEMENTATIONS = YES;
				CLANG_WARN_DIRECT_OBJC_ISA_USAGE = YES_ERROR;
				CLANG_WARN_DOCUMENTATION_COMMENTS = YES;
				CLANG_WARN_EMPTY_BODY = YES;
				CLANG_WARN_ENUM_CONVERSION = YES;
				CLANG_WARN_INFINITE_RECURSION = YES;
				CLANG_WARN_INT_CONVERSION = YES;
				CLANG_WARN_NON_LITERAL_NULL_CONVERSION = YES;
				CLANG_WARN_OBJC_IMPLICIT_RETAIN_SELF = YES;
				CLANG_WARN_OBJC_LITERAL_CONVERSION = YES;
				CLANG_WARN_OBJC_ROOT_CLASS = YES_ERROR;
				CLANG_WARN_RANGE_LOOP_ANALYSIS = YES;
				CLANG_WARN_STRICT_PROTOTYPES = YES;
				CLANG_WARN_SUSPICIOUS_MOVE = YES;
				CLANG_WARN_UNGUARDED_AVAILABILITY = YES_AGGRESSIVE;
				CLANG_WARN_UNREACHABLE_CODE = YES;
				CLANG_WARN__DUPLICATE_METHOD_MATCH = YES;
				CODE_SIGN_IDENTITY = "iPhone Developer";
				COPY_PHASE_STRIP = NO;
				DEBUG_INFORMATION_FORMAT = dwarf;
				ENABLE_STRICT_OBJC_MSGSEND = YES;
				ENABLE_TESTABILITY = YES;
				GCC_C_LANGUAGE_STANDARD = gnu11;
				GCC_DYNAMIC_NO_PIC = NO;
				GCC_NO_COMMON_BLOCKS = YES;
				GCC_OPTIMIZATION_LEVEL = 0;
				GCC_PREPROCESSOR_DEFINITIONS = (
					"DEBUG=1",
					"$(inherited)",
				);
				GCC_WARN_64_TO_32_BIT_CONVERSION = YES;
				GCC_WARN_ABOUT_RETURN_TYPE = YES_ERROR;
				GCC_WARN_UNDECLARED_SELECTOR = YES;
				GCC_WARN_UNINITIALIZED_AUTOS = YES_AGGRESSIVE;
				GCC_WARN_UNUSED_FUNCTION = YES;
				GCC_WARN_UNUSED_VARIABLE = YES;
				IPHONEOS_DEPLOYMENT_TARGET = 11.4;
				MTL_ENABLE_DEBUG_INFO = YES;
				ONLY_ACTIVE_ARCH = YES;
				SDKROOT = iphoneos;
			};
			name = Debug;
		};
		4CE5C9BE2149FCDB00FC17D4 /* Release */ = {
			isa = XCBuildConfiguration;
			buildSettings = {
				ALWAYS_SEARCH_USER_PATHS = NO;
				CLANG_ANALYZER_NONNULL = YES;
				CLANG_ANALYZER_NUMBER_OBJECT_CONVERSION = YES_AGGRESSIVE;
				CLANG_CXX_LANGUAGE_STANDARD = "gnu++14";
				CLANG_CXX_LIBRARY = "libc++";
				CLANG_ENABLE_MODULES = YES;
				CLANG_ENABLE_OBJC_ARC = YES;
				CLANG_ENABLE_OBJC_WEAK = YES;
				CLANG_WARN_BLOCK_CAPTURE_AUTORELEASING = YES;
				CLANG_WARN_BOOL_CONVERSION = YES;
				CLANG_WARN_COMMA = YES;
				CLANG_WARN_CONSTANT_CONVERSION = YES;
				CLANG_WARN_DEPRECATED_OBJC_IMPLEMENTATIONS = YES;
				CLANG_WARN_DIRECT_OBJC_ISA_USAGE = YES_ERROR;
				CLANG_WARN_DOCUMENTATION_COMMENTS = YES;
				CLANG_WARN_EMPTY_BODY = YES;
				CLANG_WARN_ENUM_CONVERSION = YES;
				CLANG_WARN_INFINITE_RECURSION = YES;
				CLANG_WARN_INT_CONVERSION = YES;
				CLANG_WARN_NON_LITERAL_NULL_CONVERSION = YES;
				CLANG_WARN_OBJC_IMPLICIT_RETAIN_SELF = YES;
				CLANG_WARN_OBJC_LITERAL_CONVERSION = YES;
				CLANG_WARN_OBJC_ROOT_CLASS = YES_ERROR;
				CLANG_WARN_RANGE_LOOP_ANALYSIS = YES;
				CLANG_WARN_STRICT_PROTOTYPES = YES;
				CLANG_WARN_SUSPICIOUS_MOVE = YES;
				CLANG_WARN_UNGUARDED_AVAILABILITY = YES_AGGRESSIVE;
				CLANG_WARN_UNREACHABLE_CODE = YES;
				CLANG_WARN__DUPLICATE_METHOD_MATCH = YES;
				CODE_SIGN_IDENTITY = "iPhone Developer";
				COPY_PHASE_STRIP = NO;
				DEBUG_INFORMATION_FORMAT = "dwarf-with-dsym";
				ENABLE_NS_ASSERTIONS = NO;
				ENABLE_STRICT_OBJC_MSGSEND = YES;
				GCC_C_LANGUAGE_STANDARD = gnu11;
				GCC_NO_COMMON_BLOCKS = YES;
				GCC_WARN_64_TO_32_BIT_CONVERSION = YES;
				GCC_WARN_ABOUT_RETURN_TYPE = YES_ERROR;
				GCC_WARN_UNDECLARED_SELECTOR = YES;
				GCC_WARN_UNINITIALIZED_AUTOS = YES_AGGRESSIVE;
				GCC_WARN_UNUSED_FUNCTION = YES;
				GCC_WARN_UNUSED_VARIABLE = YES;
				IPHONEOS_DEPLOYMENT_TARGET = 11.4;
				MTL_ENABLE_DEBUG_INFO = NO;
				SDKROOT = iphoneos;
				VALIDATE_PRODUCT = YES;
			};
			name = Release;
		};
		4CE5C9C02149FCDB00FC17D4 /* Debug */ = {
			isa = XCBuildConfiguration;
			baseConfigurationReference = 2A9E670B9AB8D98B3979BBB5 /* Pods-XinHuaNews.debug.xcconfig */;
			buildSettings = {
				ASSETCATALOG_COMPILER_APPICON_NAME = AppIcon;
				CODE_SIGN_STYLE = Automatic;
				DEVELOPMENT_TEAM = U7Y7UTB9JD;
				GCC_PRECOMPILE_PREFIX_HEADER = YES;
				GCC_PREFIX_HEADER = XinHuaNews/Classes/Public/Tools/XinHua.pch;
				INFOPLIST_FILE = XinHuaNews/Info.plist;
				LD_RUNPATH_SEARCH_PATHS = (
					"$(inherited)",
					"@executable_path/Frameworks",
				);
				PRODUCT_BUNDLE_IDENTIFIER = mc.XinHuaNews;
				PRODUCT_NAME = "$(TARGET_NAME)";
				TARGETED_DEVICE_FAMILY = "1,2";
			};
			name = Debug;
		};
		4CE5C9C12149FCDB00FC17D4 /* Release */ = {
			isa = XCBuildConfiguration;
			baseConfigurationReference = 09D986D49D4B6C229809342B /* Pods-XinHuaNews.release.xcconfig */;
			buildSettings = {
				ASSETCATALOG_COMPILER_APPICON_NAME = AppIcon;
				CODE_SIGN_STYLE = Automatic;
				DEVELOPMENT_TEAM = U7Y7UTB9JD;
				GCC_PRECOMPILE_PREFIX_HEADER = YES;
				GCC_PREFIX_HEADER = XinHuaNews/Classes/Public/Tools/XinHua.pch;
				INFOPLIST_FILE = XinHuaNews/Info.plist;
				LD_RUNPATH_SEARCH_PATHS = (
					"$(inherited)",
					"@executable_path/Frameworks",
				);
				PRODUCT_BUNDLE_IDENTIFIER = mc.XinHuaNews;
				PRODUCT_NAME = "$(TARGET_NAME)";
				TARGETED_DEVICE_FAMILY = "1,2";
			};
			name = Release;
		};
		4CE5C9C32149FCDB00FC17D4 /* Debug */ = {
			isa = XCBuildConfiguration;
			buildSettings = {
				BUNDLE_LOADER = "$(TEST_HOST)";
				CODE_SIGN_STYLE = Automatic;
				DEVELOPMENT_TEAM = U7Y7UTB9JD;
				INFOPLIST_FILE = XinHuaNewsTests/Info.plist;
				LD_RUNPATH_SEARCH_PATHS = (
					"$(inherited)",
					"@executable_path/Frameworks",
					"@loader_path/Frameworks",
				);
				PRODUCT_BUNDLE_IDENTIFIER = mc.XinHuaNewsTests;
				PRODUCT_NAME = "$(TARGET_NAME)";
				TARGETED_DEVICE_FAMILY = "1,2";
				TEST_HOST = "$(BUILT_PRODUCTS_DIR)/XinHuaNews.app/XinHuaNews";
			};
			name = Debug;
		};
		4CE5C9C42149FCDB00FC17D4 /* Release */ = {
			isa = XCBuildConfiguration;
			buildSettings = {
				BUNDLE_LOADER = "$(TEST_HOST)";
				CODE_SIGN_STYLE = Automatic;
				DEVELOPMENT_TEAM = U7Y7UTB9JD;
				INFOPLIST_FILE = XinHuaNewsTests/Info.plist;
				LD_RUNPATH_SEARCH_PATHS = (
					"$(inherited)",
					"@executable_path/Frameworks",
					"@loader_path/Frameworks",
				);
				PRODUCT_BUNDLE_IDENTIFIER = mc.XinHuaNewsTests;
				PRODUCT_NAME = "$(TARGET_NAME)";
				TARGETED_DEVICE_FAMILY = "1,2";
				TEST_HOST = "$(BUILT_PRODUCTS_DIR)/XinHuaNews.app/XinHuaNews";
			};
			name = Release;
		};
		4CE5C9C62149FCDB00FC17D4 /* Debug */ = {
			isa = XCBuildConfiguration;
			buildSettings = {
				CODE_SIGN_STYLE = Automatic;
				DEVELOPMENT_TEAM = U7Y7UTB9JD;
				INFOPLIST_FILE = XinHuaNewsUITests/Info.plist;
				LD_RUNPATH_SEARCH_PATHS = (
					"$(inherited)",
					"@executable_path/Frameworks",
					"@loader_path/Frameworks",
				);
				PRODUCT_BUNDLE_IDENTIFIER = mc.XinHuaNewsUITests;
				PRODUCT_NAME = "$(TARGET_NAME)";
				TARGETED_DEVICE_FAMILY = "1,2";
				TEST_TARGET_NAME = XinHuaNews;
			};
			name = Debug;
		};
		4CE5C9C72149FCDB00FC17D4 /* Release */ = {
			isa = XCBuildConfiguration;
			buildSettings = {
				CODE_SIGN_STYLE = Automatic;
				DEVELOPMENT_TEAM = U7Y7UTB9JD;
				INFOPLIST_FILE = XinHuaNewsUITests/Info.plist;
				LD_RUNPATH_SEARCH_PATHS = (
					"$(inherited)",
					"@executable_path/Frameworks",
					"@loader_path/Frameworks",
				);
				PRODUCT_BUNDLE_IDENTIFIER = mc.XinHuaNewsUITests;
				PRODUCT_NAME = "$(TARGET_NAME)";
				TARGETED_DEVICE_FAMILY = "1,2";
				TEST_TARGET_NAME = XinHuaNews;
			};
			name = Release;
		};
/* End XCBuildConfiguration section */

/* Begin XCConfigurationList section */
		4CE5C98E2149FCD900FC17D4 /* Build configuration list for PBXProject "XinHuaNews" */ = {
			isa = XCConfigurationList;
			buildConfigurations = (
				4CE5C9BD2149FCDB00FC17D4 /* Debug */,
				4CE5C9BE2149FCDB00FC17D4 /* Release */,
			);
			defaultConfigurationIsVisible = 0;
			defaultConfigurationName = Release;
		};
		4CE5C9BF2149FCDB00FC17D4 /* Build configuration list for PBXNativeTarget "XinHuaNews" */ = {
			isa = XCConfigurationList;
			buildConfigurations = (
				4CE5C9C02149FCDB00FC17D4 /* Debug */,
				4CE5C9C12149FCDB00FC17D4 /* Release */,
			);
			defaultConfigurationIsVisible = 0;
			defaultConfigurationName = Release;
		};
		4CE5C9C22149FCDB00FC17D4 /* Build configuration list for PBXNativeTarget "XinHuaNewsTests" */ = {
			isa = XCConfigurationList;
			buildConfigurations = (
				4CE5C9C32149FCDB00FC17D4 /* Debug */,
				4CE5C9C42149FCDB00FC17D4 /* Release */,
			);
			defaultConfigurationIsVisible = 0;
			defaultConfigurationName = Release;
		};
		4CE5C9C52149FCDB00FC17D4 /* Build configuration list for PBXNativeTarget "XinHuaNewsUITests" */ = {
			isa = XCConfigurationList;
			buildConfigurations = (
				4CE5C9C62149FCDB00FC17D4 /* Debug */,
				4CE5C9C72149FCDB00FC17D4 /* Release */,
			);
			defaultConfigurationIsVisible = 0;
			defaultConfigurationName = Release;
		};
/* End XCConfigurationList section */
	};
	rootObject = 4CE5C98B2149FCD900FC17D4 /* Project object */;
}
